// !$*UTF8*$!
{
	archiveVersion = 1;
	classes = {
	};
	objectVersion = 55;
	objects = {

/* Begin PBXBuildFile section */
		2D52DB28546EC1E9D614DC6B /* Pods_LoginSample.framework in Frameworks */ = {isa = PBXBuildFile; fileRef = 7E1AA37DCEAF120E5CC6D9CF /* Pods_LoginSample.framework */; };
		9B2D906027E85CC30017C907 /* MainViewController.swift in Sources */ = {isa = PBXBuildFile; fileRef = 9B2D905F27E85CC30017C907 /* MainViewController.swift */; };
		9B2D906227E85F030017C907 /* GoogleService-Info.plist in Resources */ = {isa = PBXBuildFile; fileRef = 9B2D906127E85F030017C907 /* GoogleService-Info.plist */; };
		9B6DC40F27E4AAC000012C0F /* AppDelegate.swift in Sources */ = {isa = PBXBuildFile; fileRef = 9B6DC40E27E4AAC000012C0F /* AppDelegate.swift */; };
		9B6DC41127E4AAC000012C0F /* SceneDelegate.swift in Sources */ = {isa = PBXBuildFile; fileRef = 9B6DC41027E4AAC000012C0F /* SceneDelegate.swift */; };
		9B6DC41627E4AAC000012C0F /* Main.storyboard in Resources */ = {isa = PBXBuildFile; fileRef = 9B6DC41427E4AAC000012C0F /* Main.storyboard */; };
		9B6DC41827E4AAC100012C0F /* Assets.xcassets in Resources */ = {isa = PBXBuildFile; fileRef = 9B6DC41727E4AAC100012C0F /* Assets.xcassets */; };
		9B6DC41B27E4AAC100012C0F /* LaunchScreen.storyboard in Resources */ = {isa = PBXBuildFile; fileRef = 9B6DC41927E4AAC100012C0F /* LaunchScreen.storyboard */; };
		9B6DC42327E4ABF000012C0F /* ViewController.swift in Sources */ = {isa = PBXBuildFile; fileRef = 9B6DC42227E4ABF000012C0F /* ViewController.swift */; };
		9B6DC42527E4BAB200012C0F /* EnterEmailViewController.swift in Sources */ = {isa = PBXBuildFile; fileRef = 9B6DC42427E4BAB200012C0F /* EnterEmailViewController.swift */; };
/* End PBXBuildFile section */

/* Begin PBXFileReference section */
		581D923DD061DB2500D90B42 /* Pods-LoginSample.release.xcconfig */ = {isa = PBXFileReference; includeInIndex = 1; lastKnownFileType = text.xcconfig; name = "Pods-LoginSample.release.xcconfig"; path = "Target Support Files/Pods-LoginSample/Pods-LoginSample.release.xcconfig"; sourceTree = "<group>"; };
		7C9C3BD807EE51D03C2D8B2A /* Pods-LoginSample.debug.xcconfig */ = {isa = PBXFileReference; includeInIndex = 1; lastKnownFileType = text.xcconfig; name = "Pods-LoginSample.debug.xcconfig"; path = "Target Support Files/Pods-LoginSample/Pods-LoginSample.debug.xcconfig"; sourceTree = "<group>"; };
		7E1AA37DCEAF120E5CC6D9CF /* Pods_LoginSample.framework */ = {isa = PBXFileReference; explicitFileType = wrapper.framework; includeInIndex = 0; path = Pods_LoginSample.framework; sourceTree = BUILT_PRODUCTS_DIR; };
		9B2D905F27E85CC30017C907 /* MainViewController.swift */ = {isa = PBXFileReference; lastKnownFileType = sourcecode.swift; path = MainViewController.swift; sourceTree = "<group>"; };
		9B2D906127E85F030017C907 /* GoogleService-Info.plist */ = {isa = PBXFileReference; fileEncoding = 4; lastKnownFileType = text.plist.xml; name = "GoogleService-Info.plist"; path = "../../../../Downloads/GoogleService-Info.plist"; sourceTree = "<group>"; };
		9B67982B27EB009900699DCE /* LoginSample.entitlements */ = {isa = PBXFileReference; lastKnownFileType = text.plist.entitlements; path = LoginSample.entitlements; sourceTree = "<group>"; };
		9B6DC40B27E4AAC000012C0F /* LoginSample.app */ = {isa = PBXFileReference; explicitFileType = wrapper.application; includeInIndex = 0; path = LoginSample.app; sourceTree = BUILT_PRODUCTS_DIR; };
		9B6DC40E27E4AAC000012C0F /* AppDelegate.swift */ = {isa = PBXFileReference; lastKnownFileType = sourcecode.swift; path = AppDelegate.swift; sourceTree = "<group>"; };
		9B6DC41027E4AAC000012C0F /* SceneDelegate.swift */ = {isa = PBXFileReference; lastKnownFileType = sourcecode.swift; path = SceneDelegate.swift; sourceTree = "<group>"; };
		9B6DC41527E4AAC000012C0F /* Base */ = {isa = PBXFileReference; lastKnownFileType = file.storyboard; name = Base; path = Base.lproj/Main.storyboard; sourceTree = "<group>"; };
		9B6DC41727E4AAC100012C0F /* Assets.xcassets */ = {isa = PBXFileReference; lastKnownFileType = folder.assetcatalog; path = Assets.xcassets; sourceTree = "<group>"; };
		9B6DC41A27E4AAC100012C0F /* Base */ = {isa = PBXFileReference; lastKnownFileType = file.storyboard; name = Base; path = Base.lproj/LaunchScreen.storyboard; sourceTree = "<group>"; };
		9B6DC41C27E4AAC100012C0F /* Info.plist */ = {isa = PBXFileReference; lastKnownFileType = text.plist.xml; path = Info.plist; sourceTree = "<group>"; };
		9B6DC42227E4ABF000012C0F /* ViewController.swift */ = {isa = PBXFileReference; lastKnownFileType = sourcecode.swift; path = ViewController.swift; sourceTree = "<group>"; };
		9B6DC42427E4BAB200012C0F /* EnterEmailViewController.swift */ = {isa = PBXFileReference; lastKnownFileType = sourcecode.swift; path = EnterEmailViewController.swift; sourceTree = "<group>"; };
		9B98C8CB27E959FB006D2634 /* FirebaseCore.framework */ = {isa = PBXFileReference; explicitFileType = wrapper.framework; path = FirebaseCore.framework; sourceTree = BUILT_PRODUCTS_DIR; };
/* End PBXFileReference section */

/* Begin PBXFrameworksBuildPhase section */
		9B6DC40827E4AAC000012C0F /* Frameworks */ = {
			isa = PBXFrameworksBuildPhase;
			buildActionMask = 2147483647;
			files = (
				2D52DB28546EC1E9D614DC6B /* Pods_LoginSample.framework in Frameworks */,
			);
			runOnlyForDeploymentPostprocessing = 0;
		};
/* End PBXFrameworksBuildPhase section */

/* Begin PBXGroup section */
		88C6A86EB6DF223F201479FE /* Pods */ = {
			isa = PBXGroup;
			children = (
				7C9C3BD807EE51D03C2D8B2A /* Pods-LoginSample.debug.xcconfig */,
				581D923DD061DB2500D90B42 /* Pods-LoginSample.release.xcconfig */,
			);
			path = Pods;
			sourceTree = "<group>";
		};
		9B6DC40227E4AAC000012C0F = {
			isa = PBXGroup;
			children = (
				9B6DC40D27E4AAC000012C0F /* LoginSample */,
				9B6DC40C27E4AAC000012C0F /* Products */,
				88C6A86EB6DF223F201479FE /* Pods */,
				F950B07236F1C7D2AE51115D /* Frameworks */,
			);
			sourceTree = "<group>";
		};
		9B6DC40C27E4AAC000012C0F /* Products */ = {
			isa = PBXGroup;
			children = (
				9B6DC40B27E4AAC000012C0F /* LoginSample.app */,
			);
			name = Products;
			sourceTree = "<group>";
		};
		9B6DC40D27E4AAC000012C0F /* LoginSample */ = {
			isa = PBXGroup;
			children = (
				9B67982B27EB009900699DCE /* LoginSample.entitlements */,
				9B6DC40E27E4AAC000012C0F /* AppDelegate.swift */,
				9B6DC41027E4AAC000012C0F /* SceneDelegate.swift */,
				9B6DC42227E4ABF000012C0F /* ViewController.swift */,
				9B6DC42427E4BAB200012C0F /* EnterEmailViewController.swift */,
				9B2D905F27E85CC30017C907 /* MainViewController.swift */,
				9B6DC41427E4AAC000012C0F /* Main.storyboard */,
				9B6DC41727E4AAC100012C0F /* Assets.xcassets */,
				9B6DC41927E4AAC100012C0F /* LaunchScreen.storyboard */,
				9B6DC41C27E4AAC100012C0F /* Info.plist */,
				9B2D906127E85F030017C907 /* GoogleService-Info.plist */,
			);
			path = LoginSample;
			sourceTree = "<group>";
		};
		F950B07236F1C7D2AE51115D /* Frameworks */ = {
			isa = PBXGroup;
			children = (
				9B98C8CB27E959FB006D2634 /* FirebaseCore.framework */,
				7E1AA37DCEAF120E5CC6D9CF /* Pods_LoginSample.framework */,
			);
			name = Frameworks;
			sourceTree = "<group>";
		};
/* End PBXGroup section */

/* Begin PBXNativeTarget section */
		9B6DC40A27E4AAC000012C0F /* LoginSample */ = {
			isa = PBXNativeTarget;
			buildConfigurationList = 9B6DC41F27E4AAC100012C0F /* Build configuration list for PBXNativeTarget "LoginSample" */;
			buildPhases = (
				8779CE60F3DF280D7168C75D /* [CP] Check Pods Manifest.lock */,
				9B6DC40727E4AAC000012C0F /* Sources */,
				9B6DC40827E4AAC000012C0F /* Frameworks */,
				9B6DC40927E4AAC000012C0F /* Resources */,
				20A73D8C55B02DACF011FB78 /* [CP] Embed Pods Frameworks */,
				6D93F43AC947E5A2631EF812 /* [CP] Copy Pods Resources */,
			);
			buildRules = (
			);
			dependencies = (
			);
			name = LoginSample;
			productName = LoginSample;
			productReference = 9B6DC40B27E4AAC000012C0F /* LoginSample.app */;
			productType = "com.apple.product-type.application";
		};
/* End PBXNativeTarget section */

/* Begin PBXProject section */
		9B6DC40327E4AAC000012C0F /* Project object */ = {
			isa = PBXProject;
			attributes = {
				BuildIndependentTargetsInParallel = 1;
				LastSwiftUpdateCheck = 1330;
				LastUpgradeCheck = 1330;
				TargetAttributes = {
					9B6DC40A27E4AAC000012C0F = {
						CreatedOnToolsVersion = 13.3;
					};
				};
			};
			buildConfigurationList = 9B6DC40627E4AAC000012C0F /* Build configuration list for PBXProject "LoginSample" */;
			compatibilityVersion = "Xcode 13.0";
			developmentRegion = en;
			hasScannedForEncodings = 0;
			knownRegions = (
				en,
				Base,
			);
			mainGroup = 9B6DC40227E4AAC000012C0F;
			productRefGroup = 9B6DC40C27E4AAC000012C0F /* Products */;
			projectDirPath = "";
			projectRoot = "";
			targets = (
				9B6DC40A27E4AAC000012C0F /* LoginSample */,
			);
		};
/* End PBXProject section */

/* Begin PBXResourcesBuildPhase section */
		9B6DC40927E4AAC000012C0F /* Resources */ = {
			isa = PBXResourcesBuildPhase;
			buildActionMask = 2147483647;
			files = (
				9B6DC41B27E4AAC100012C0F /* LaunchScreen.storyboard in Resources */,
				9B2D906227E85F030017C907 /* GoogleService-Info.plist in Resources */,
				9B6DC41827E4AAC100012C0F /* Assets.xcassets in Resources */,
				9B6DC41627E4AAC000012C0F /* Main.storyboard in Resources */,
			);
			runOnlyForDeploymentPostprocessing = 0;
		};
/* End PBXResourcesBuildPhase section */

/* Begin PBXShellScriptBuildPhase section */
		20A73D8C55B02DACF011FB78 /* [CP] Embed Pods Frameworks */ = {
			isa = PBXShellScriptBuildPhase;
			buildActionMask = 2147483647;
			files = (
			);
			inputFileListPaths = (
				"${PODS_ROOT}/Target Support Files/Pods-LoginSample/Pods-LoginSample-frameworks-${CONFIGURATION}-input-files.xcfilelist",
			);
			name = "[CP] Embed Pods Frameworks";
			outputFileListPaths = (
				"${PODS_ROOT}/Target Support Files/Pods-LoginSample/Pods-LoginSample-frameworks-${CONFIGURATION}-output-files.xcfilelist",
			);
			runOnlyForDeploymentPostprocessing = 0;
			shellPath = /bin/sh;
			shellScript = "\"${PODS_ROOT}/Target Support Files/Pods-LoginSample/Pods-LoginSample-frameworks.sh\"\n";
			showEnvVarsInLog = 0;
		};
		6D93F43AC947E5A2631EF812 /* [CP] Copy Pods Resources */ = {
			isa = PBXShellScriptBuildPhase;
			buildActionMask = 8;
			files = (
			);
			inputFileListPaths = (
				"${PODS_ROOT}/Target Support Files/Pods-LoginSample/Pods-LoginSample-resources-${CONFIGURATION}-input-files.xcfilelist",
			);
			name = "[CP] Copy Pods Resources";
			outputFileListPaths = (
				"${PODS_ROOT}/Target Support Files/Pods-LoginSample/Pods-LoginSample-resources-${CONFIGURATION}-output-files.xcfilelist",
			);
			runOnlyForDeploymentPostprocessing = 1;
			shellPath = /bin/sh;
			shellScript = "\"${PODS_ROOT}/Target Support Files/Pods-LoginSample/Pods-LoginSample-resources.sh\"\n";
			showEnvVarsInLog = 0;
		};
		8779CE60F3DF280D7168C75D /* [CP] Check Pods Manifest.lock */ = {
			isa = PBXShellScriptBuildPhase;
			buildActionMask = 2147483647;
			files = (
			);
			inputFileListPaths = (
			);
			inputPaths = (
				"${PODS_PODFILE_DIR_PATH}/Podfile.lock",
				"${PODS_ROOT}/Manifest.lock",
			);
			name = "[CP] Check Pods Manifest.lock";
			outputFileListPaths = (
			);
			outputPaths = (
				"$(DERIVED_FILE_DIR)/Pods-LoginSample-checkManifestLockResult.txt",
			);
			runOnlyForDeploymentPostprocessing = 0;
			shellPath = /bin/sh;
			shellScript = "diff \"${PODS_PODFILE_DIR_PATH}/Podfile.lock\" \"${PODS_ROOT}/Manifest.lock\" > /dev/null\nif [ $? != 0 ] ; then\n    # print error to STDERR\n    echo \"error: The sandbox is not in sync with the Podfile.lock. Run 'pod install' or update your CocoaPods installation.\" >&2\n    exit 1\nfi\n# This output is used by Xcode 'outputs' to avoid re-running this script phase.\necho \"SUCCESS\" > \"${SCRIPT_OUTPUT_FILE_0}\"\n";
			showEnvVarsInLog = 0;
		};
/* End PBXShellScriptBuildPhase section */

/* Begin PBXSourcesBuildPhase section */
		9B6DC40727E4AAC000012C0F /* Sources */ = {
			isa = PBXSourcesBuildPhase;
			buildActionMask = 2147483647;
			files = (
				9B6DC42327E4ABF000012C0F /* ViewController.swift in Sources */,
				9B6DC40F27E4AAC000012C0F /* AppDelegate.swift in Sources */,
				9B6DC42527E4BAB200012C0F /* EnterEmailViewController.swift in Sources */,
				9B6DC41127E4AAC000012C0F /* SceneDelegate.swift in Sources */,
				9B2D906027E85CC30017C907 /* MainViewController.swift in Sources */,
			);
			runOnlyForDeploymentPostprocessing = 0;
		};
/* End PBXSourcesBuildPhase section */

/* Begin PBXVariantGroup section */
		9B6DC41427E4AAC000012C0F /* Main.storyboard */ = {
			isa = PBXVariantGroup;
			children = (
				9B6DC41527E4AAC000012C0F /* Base */,
			);
			name = Main.storyboard;
			sourceTree = "<group>";
		};
		9B6DC41927E4AAC100012C0F /* LaunchScreen.storyboard */ = {
			isa = PBXVariantGroup;
			children = (
				9B6DC41A27E4AAC100012C0F /* Base */,
			);
			name = LaunchScreen.storyboard;
			sourceTree = "<group>";
		};
/* End PBXVariantGroup section */

/* Begin XCBuildConfiguration section */
		9B6DC41D27E4AAC100012C0F /* Debug */ = {
			isa = XCBuildConfiguration;
			buildSettings = {
				ALWAYS_SEARCH_USER_PATHS = NO;
				CLANG_ANALYZER_NONNULL = YES;
				CLANG_ANALYZER_NUMBER_OBJECT_CONVERSION = YES_AGGRESSIVE;
				CLANG_CXX_LANGUAGE_STANDARD = "gnu++17";
				CLANG_ENABLE_MODULES = YES;
				CLANG_ENABLE_OBJC_ARC = YES;
				CLANG_ENABLE_OBJC_WEAK = YES;
				CLANG_WARN_BLOCK_CAPTURE_AUTORELEASING = YES;
				CLANG_WARN_BOOL_CONVERSION = YES;
				CLANG_WARN_COMMA = YES;
				CLANG_WARN_CONSTANT_CONVERSION = YES;
				CLANG_WARN_DEPRECATED_OBJC_IMPLEMENTATIONS = YES;
				CLANG_WARN_DIRECT_OBJC_ISA_USAGE = YES_ERROR;
				CLANG_WARN_DOCUMENTATION_COMMENTS = YES;
				CLANG_WARN_EMPTY_BODY = YES;
				CLANG_WARN_ENUM_CONVERSION = YES;
				CLANG_WARN_INFINITE_RECURSION = YES;
				CLANG_WARN_INT_CONVERSION = YES;
				CLANG_WARN_NON_LITERAL_NULL_CONVERSION = YES;
				CLANG_WARN_OBJC_IMPLICIT_RETAIN_SELF = YES;
				CLANG_WARN_OBJC_LITERAL_CONVERSION = YES;
				CLANG_WARN_OBJC_ROOT_CLASS = YES_ERROR;
				CLANG_WARN_QUOTED_INCLUDE_IN_FRAMEWORK_HEADER = YES;
				CLANG_WARN_RANGE_LOOP_ANALYSIS = YES;
				CLANG_WARN_STRICT_PROTOTYPES = YES;
				CLANG_WARN_SUSPICIOUS_MOVE = YES;
				CLANG_WARN_UNGUARDED_AVAILABILITY = YES_AGGRESSIVE;
				CLANG_WARN_UNREACHABLE_CODE = YES;
				CLANG_WARN__DUPLICATE_METHOD_MATCH = YES;
				COPY_PHASE_STRIP = NO;
				DEBUG_INFORMATION_FORMAT = dwarf;
				ENABLE_STRICT_OBJC_MSGSEND = YES;
				ENABLE_TESTABILITY = YES;
				GCC_C_LANGUAGE_STANDARD = gnu11;
				GCC_DYNAMIC_NO_PIC = NO;
				GCC_NO_COMMON_BLOCKS = YES;
				GCC_OPTIMIZATION_LEVEL = 0;
				GCC_PREPROCESSOR_DEFINITIONS = (
					"DEBUG=1",
					"$(inherited)",
				);
				GCC_WARN_64_TO_32_BIT_CONVERSION = YES;
				GCC_WARN_ABOUT_RETURN_TYPE = YES_ERROR;
				GCC_WARN_UNDECLARED_SELECTOR = YES;
				GCC_WARN_UNINITIALIZED_AUTOS = YES_AGGRESSIVE;
				GCC_WARN_UNUSED_FUNCTION = YES;
				GCC_WARN_UNUSED_VARIABLE = YES;
				IPHONEOS_DEPLOYMENT_TARGET = 15.4;
				MTL_ENABLE_DEBUG_INFO = INCLUDE_SOURCE;
				MTL_FAST_MATH = YES;
				ONLY_ACTIVE_ARCH = YES;
				SDKROOT = iphoneos;
				SWIFT_ACTIVE_COMPILATION_CONDITIONS = DEBUG;
				SWIFT_OPTIMIZATION_LEVEL = "-Onone";
			};
			name = Debug;
		};
		9B6DC41E27E4AAC100012C0F /* Release */ = {
			isa = XCBuildConfiguration;
			buildSettings = {
				ALWAYS_SEARCH_USER_PATHS = NO;
				CLANG_ANALYZER_NONNULL = YES;
				CLANG_ANALYZER_NUMBER_OBJECT_CONVERSION = YES_AGGRESSIVE;
				CLANG_CXX_LANGUAGE_STANDARD = "gnu++17";
				CLANG_ENABLE_MODULES = YES;
				CLANG_ENABLE_OBJC_ARC = YES;
				CLANG_ENABLE_OBJC_WEAK = YES;
				CLANG_WARN_BLOCK_CAPTURE_AUTORELEASING = YES;
				CLANG_WARN_BOOL_CONVERSION = YES;
				CLANG_WARN_COMMA = YES;
				CLANG_WARN_CONSTANT_CONVERSION = YES;
				CLANG_WARN_DEPRECATED_OBJC_IMPLEMENTATIONS = YES;
				CLANG_WARN_DIRECT_OBJC_ISA_USAGE = YES_ERROR;
				CLANG_WARN_DOCUMENTATION_COMMENTS = YES;
				CLANG_WARN_EMPTY_BODY = YES;
				CLANG_WARN_ENUM_CONVERSION = YES;
				CLANG_WARN_INFINITE_RECURSION = YES;
				CLANG_WARN_INT_CONVERSION = YES;
				CLANG_WARN_NON_LITERAL_NULL_CONVERSION = YES;
				CLANG_WARN_OBJC_IMPLICIT_RETAIN_SELF = YES;
				CLANG_WARN_OBJC_LITERAL_CONVERSION = YES;
				CLANG_WARN_OBJC_ROOT_CLASS = YES_ERROR;
				CLANG_WARN_QUOTED_INCLUDE_IN_FRAMEWORK_HEADER = YES;
				CLANG_WARN_RANGE_LOOP_ANALYSIS = YES;
				CLANG_WARN_STRICT_PROTOTYPES = YES;
				CLANG_WARN_SUSPICIOUS_MOVE = YES;
				CLANG_WARN_UNGUARDED_AVAILABILITY = YES_AGGRESSIVE;
				CLANG_WARN_UNREACHABLE_CODE = YES;
				CLANG_WARN__DUPLICATE_METHOD_MATCH = YES;
				COPY_PHASE_STRIP = NO;
				DEBUG_INFORMATION_FORMAT = "dwarf-with-dsym";
				ENABLE_NS_ASSERTIONS = NO;
				ENABLE_STRICT_OBJC_MSGSEND = YES;
				GCC_C_LANGUAGE_STANDARD = gnu11;
				GCC_NO_COMMON_BLOCKS = YES;
				GCC_WARN_64_TO_32_BIT_CONVERSION = YES;
				GCC_WARN_ABOUT_RETURN_TYPE = YES_ERROR;
				GCC_WARN_UNDECLARED_SELECTOR = YES;
				GCC_WARN_UNINITIALIZED_AUTOS = YES_AGGRESSIVE;
				GCC_WARN_UNUSED_FUNCTION = YES;
				GCC_WARN_UNUSED_VARIABLE = YES;
				IPHONEOS_DEPLOYMENT_TARGET = 15.4;
				MTL_ENABLE_DEBUG_INFO = NO;
				MTL_FAST_MATH = YES;
				SDKROOT = iphoneos;
				SWIFT_COMPILATION_MODE = wholemodule;
				SWIFT_OPTIMIZATION_LEVEL = "-O";
				VALIDATE_PRODUCT = YES;
			};
			name = Release;
		};
		9B6DC42027E4AAC100012C0F /* Debug */ = {
			isa = XCBuildConfiguration;
			baseConfigurationReference = 7C9C3BD807EE51D03C2D8B2A /* Pods-LoginSample.debug.xcconfig */;
			buildSettings = {
				ASSETCATALOG_COMPILER_APPICON_NAME = AppIcon;
				ASSETCATALOG_COMPILER_GLOBAL_ACCENT_COLOR_NAME = AccentColor;
				CODE_SIGN_ENTITLEMENTS = LoginSample/LoginSample.entitlements;
				CODE_SIGN_IDENTITY = "Apple Development";
				"CODE_SIGN_IDENTITY[sdk=macosx*]" = "Apple Development";
				CODE_SIGN_STYLE = Automatic;
				CURRENT_PROJECT_VERSION = 1;
				DEVELOPMENT_TEAM = 3W78LHQDR6;
				ENABLE_ON_DEMAND_RESOURCES = NO;
				EXCLUDED_ARCHS = "";
				GENERATE_INFOPLIST_FILE = YES;
				INFOPLIST_FILE = LoginSample/Info.plist;
				INFOPLIST_KEY_UIApplicationSupportsIndirectInputEvents = YES;
				INFOPLIST_KEY_UILaunchStoryboardName = LaunchScreen;
				INFOPLIST_KEY_UIMainStoryboardFile = Main;
				INFOPLIST_KEY_UISupportedInterfaceOrientations_iPad = "UIInterfaceOrientationPortrait UIInterfaceOrientationPortraitUpsideDown UIInterfaceOrientationLandscapeLeft UIInterfaceOrientationLandscapeRight";
				INFOPLIST_KEY_UISupportedInterfaceOrientations_iPhone = "UIInterfaceOrientationPortrait UIInterfaceOrientationLandscapeLeft UIInterfaceOrientationLandscapeRight";
				LD_RUNPATH_SEARCH_PATHS = (
					"$(inherited)",
					"@executable_path/Frameworks",
				);
				MARKETING_VERSION = 1.0;
				PRODUCT_BUNDLE_IDENTIFIER = yangjs.LoginSample;
				PRODUCT_NAME = "$(TARGET_NAME)";
				PROVISIONING_PROFILE_SPECIFIER = "";
				"PROVISIONING_PROFILE_SPECIFIER[sdk=macosx*]" = "";
				SUPPORTS_MACCATALYST = YES;
				SWIFT_EMIT_LOC_STRINGS = YES;
				SWIFT_VERSION = 5.0;
				TARGETED_DEVICE_FAMILY = "1,2";
			};
			name = Debug;
		};
		9B6DC42127E4AAC100012C0F /* Release */ = {
			isa = XCBuildConfiguration;
			baseConfigurationReference = 581D923DD061DB2500D90B42 /* Pods-LoginSample.release.xcconfig */;
			buildSettings = {
				ASSETCATALOG_COMPILER_APPICON_NAME = AppIcon;
				ASSETCATALOG_COMPILER_GLOBAL_ACCENT_COLOR_NAME = AccentColor;
				CODE_SIGN_ENTITLEMENTS = LoginSample/LoginSample.entitlements;
				CODE_SIGN_IDENTITY = "Apple Development";
				"CODE_SIGN_IDENTITY[sdk=macosx*]" = "Apple Development";
				CODE_SIGN_STYLE = Automatic;
				CURRENT_PROJECT_VERSION = 1;
				DEVELOPMENT_TEAM = 3W78LHQDR6;
				ENABLE_ON_DEMAND_RESOURCES = NO;
				GENERATE_INFOPLIST_FILE = YES;
				INFOPLIST_FILE = LoginSample/Info.plist;
				INFOPLIST_KEY_UIApplicationSupportsIndirectInputEvents = YES;
				INFOPLIST_KEY_UILaunchStoryboardName = LaunchScreen;
				INFOPLIST_KEY_UIMainStoryboardFile = Main;
				INFOPLIST_KEY_UISupportedInterfaceOrientations_iPad = "UIInterfaceOrientationPortrait UIInterfaceOrientationPortraitUpsideDown UIInterfaceOrientationLandscapeLeft UIInterfaceOrientationLandscapeRight";
				INFOPLIST_KEY_UISupportedInterfaceOrientations_iPhone = "UIInterfaceOrientationPortrait UIInterfaceOrientationLandscapeLeft UIInterfaceOrientationLandscapeRight";
				LD_RUNPATH_SEARCH_PATHS = (
					"$(inherited)",
					"@executable_path/Frameworks",
				);
				MARKETING_VERSION = 1.0;
				PRODUCT_BUNDLE_IDENTIFIER = yangjs.LoginSample;
				PRODUCT_NAME = "$(TARGET_NAME)";
				PROVISIONING_PROFILE_SPECIFIER = "";
				"PROVISIONING_PROFILE_SPECIFIER[sdk=macosx*]" = "";
				SUPPORTS_MACCATALYST = YES;
				SWIFT_EMIT_LOC_STRINGS = YES;
				SWIFT_VERSION = 5.0;
				TARGETED_DEVICE_FAMILY = "1,2";
			};
			name = Release;
		};
/* End XCBuildConfiguration section */

/* Begin XCConfigurationList section */
		9B6DC40627E4AAC000012C0F /* Build configuration list for PBXProject "LoginSample" */ = {
			isa = XCConfigurationList;
			buildConfigurations = (
				9B6DC41D27E4AAC100012C0F /* Debug */,
				9B6DC41E27E4AAC100012C0F /* Release */,
			);
			defaultConfigurationIsVisible = 0;
			defaultConfigurationName = Release;
		};
		9B6DC41F27E4AAC100012C0F /* Build configuration list for PBXNativeTarget "LoginSample" */ = {
			isa = XCConfigurationList;
			buildConfigurations = (
				9B6DC42027E4AAC100012C0F /* Debug */,
				9B6DC42127E4AAC100012C0F /* Release */,
			);
			defaultConfigurationIsVisible = 0;
			defaultConfigurationName = Release;
		};
/* End XCConfigurationList section */
	};
	rootObject = 9B6DC40327E4AAC000012C0F /* Project object */;
}
