// !$*UTF8*$!
{
	archiveVersion = 1;
	classes = {
	};
	objectVersion = 55;
	objects = {

/* Begin PBXBuildFile section */
		9B169D7127F2A43A0052C3C7 /* CardDetailViewController.swift in Sources */ = {isa = PBXBuildFile; fileRef = 9B169D7027F2A43A0052C3C7 /* CardDetailViewController.swift */; };
		9B169D7327F2D6150052C3C7 /* money.json in Resources */ = {isa = PBXBuildFile; fileRef = 9B169D7227F2D6150052C3C7 /* money.json */; };
		9B169D7527F2E55A0052C3C7 /* GoogleService-Info.plist in Resources */ = {isa = PBXBuildFile; fileRef = 9B169D7427F2E55A0052C3C7 /* GoogleService-Info.plist */; };
		9B169D7727F4326B0052C3C7 /* CreditCardDummy.swift in Sources */ = {isa = PBXBuildFile; fileRef = 9B169D7627F4326B0052C3C7 /* CreditCardDummy.swift */; };
		9BE68FAD27F2971C00912E90 /* AppDelegate.swift in Sources */ = {isa = PBXBuildFile; fileRef = 9BE68FAC27F2971C00912E90 /* AppDelegate.swift */; };
		9BE68FAF27F2971C00912E90 /* SceneDelegate.swift in Sources */ = {isa = PBXBuildFile; fileRef = 9BE68FAE27F2971C00912E90 /* SceneDelegate.swift */; };
		9BE68FB427F2971C00912E90 /* Main.storyboard in Resources */ = {isa = PBXBuildFile; fileRef = 9BE68FB227F2971C00912E90 /* Main.storyboard */; };
		9BE68FB627F2971C00912E90 /* Assets.xcassets in Resources */ = {isa = PBXBuildFile; fileRef = 9BE68FB527F2971C00912E90 /* Assets.xcassets */; };
		9BE68FB927F2971C00912E90 /* LaunchScreen.storyboard in Resources */ = {isa = PBXBuildFile; fileRef = 9BE68FB727F2971C00912E90 /* LaunchScreen.storyboard */; };
		9BE68FC127F2973A00912E90 /* CardListViewController.swift in Sources */ = {isa = PBXBuildFile; fileRef = 9BE68FC027F2973A00912E90 /* CardListViewController.swift */; };
		9BE68FC327F2981300912E90 /* CreditCard.swift in Sources */ = {isa = PBXBuildFile; fileRef = 9BE68FC227F2981300912E90 /* CreditCard.swift */; };
		9BE68FC627F2997000912E90 /* CardListCellTableViewCell.swift in Sources */ = {isa = PBXBuildFile; fileRef = 9BE68FC427F2997000912E90 /* CardListCellTableViewCell.swift */; };
		9BE68FC727F2997000912E90 /* CardListCellTableViewCell.xib in Resources */ = {isa = PBXBuildFile; fileRef = 9BE68FC527F2997000912E90 /* CardListCellTableViewCell.xib */; };
		D6963F4F2FADDF15C44A8230 /* Pods_CreditCardList.framework in Frameworks */ = {isa = PBXBuildFile; fileRef = 743F4A15D0492DF2F23C5CCA /* Pods_CreditCardList.framework */; };
/* End PBXBuildFile section */

/* Begin PBXFileReference section */
		743F4A15D0492DF2F23C5CCA /* Pods_CreditCardList.framework */ = {isa = PBXFileReference; explicitFileType = wrapper.framework; includeInIndex = 0; path = Pods_CreditCardList.framework; sourceTree = BUILT_PRODUCTS_DIR; };
		9B169D7027F2A43A0052C3C7 /* CardDetailViewController.swift */ = {isa = PBXFileReference; lastKnownFileType = sourcecode.swift; path = CardDetailViewController.swift; sourceTree = "<group>"; };
		9B169D7227F2D6150052C3C7 /* money.json */ = {isa = PBXFileReference; fileEncoding = 4; lastKnownFileType = text.json; path = money.json; sourceTree = "<group>"; };
		9B169D7427F2E55A0052C3C7 /* GoogleService-Info.plist */ = {isa = PBXFileReference; lastKnownFileType = text.plist; path = "GoogleService-Info.plist"; sourceTree = SOURCE_ROOT; };
		9B169D7627F4326B0052C3C7 /* CreditCardDummy.swift */ = {isa = PBXFileReference; fileEncoding = 4; lastKnownFileType = sourcecode.swift; path = CreditCardDummy.swift; sourceTree = "<group>"; };
		9BE68FA927F2971C00912E90 /* CreditCardList.app */ = {isa = PBXFileReference; explicitFileType = wrapper.application; includeInIndex = 0; path = CreditCardList.app; sourceTree = BUILT_PRODUCTS_DIR; };
		9BE68FAC27F2971C00912E90 /* AppDelegate.swift */ = {isa = PBXFileReference; lastKnownFileType = sourcecode.swift; path = AppDelegate.swift; sourceTree = "<group>"; };
		9BE68FAE27F2971C00912E90 /* SceneDelegate.swift */ = {isa = PBXFileReference; lastKnownFileType = sourcecode.swift; path = SceneDelegate.swift; sourceTree = "<group>"; };
		9BE68FB327F2971C00912E90 /* Base */ = {isa = PBXFileReference; lastKnownFileType = file.storyboard; name = Base; path = Base.lproj/Main.storyboard; sourceTree = "<group>"; };
		9BE68FB527F2971C00912E90 /* Assets.xcassets */ = {isa = PBXFileReference; lastKnownFileType = folder.assetcatalog; path = Assets.xcassets; sourceTree = "<group>"; };
		9BE68FB827F2971C00912E90 /* Base */ = {isa = PBXFileReference; lastKnownFileType = file.storyboard; name = Base; path = Base.lproj/LaunchScreen.storyboard; sourceTree = "<group>"; };
		9BE68FBA27F2971C00912E90 /* Info.plist */ = {isa = PBXFileReference; lastKnownFileType = text.plist.xml; path = Info.plist; sourceTree = "<group>"; };
		9BE68FC027F2973A00912E90 /* CardListViewController.swift */ = {isa = PBXFileReference; lastKnownFileType = sourcecode.swift; path = CardListViewController.swift; sourceTree = "<group>"; };
		9BE68FC227F2981300912E90 /* CreditCard.swift */ = {isa = PBXFileReference; lastKnownFileType = sourcecode.swift; path = CreditCard.swift; sourceTree = "<group>"; };
		9BE68FC427F2997000912E90 /* CardListCellTableViewCell.swift */ = {isa = PBXFileReference; lastKnownFileType = sourcecode.swift; path = CardListCellTableViewCell.swift; sourceTree = "<group>"; };
		9BE68FC527F2997000912E90 /* CardListCellTableViewCell.xib */ = {isa = PBXFileReference; lastKnownFileType = file.xib; path = CardListCellTableViewCell.xib; sourceTree = "<group>"; };
		AFDE8AFDF054B49EF7852085 /* Pods-CreditCardList.debug.xcconfig */ = {isa = PBXFileReference; includeInIndex = 1; lastKnownFileType = text.xcconfig; name = "Pods-CreditCardList.debug.xcconfig"; path = "Target Support Files/Pods-CreditCardList/Pods-CreditCardList.debug.xcconfig"; sourceTree = "<group>"; };
		F64926147AB37D2CCD38B4F3 /* Pods-CreditCardList.release.xcconfig */ = {isa = PBXFileReference; includeInIndex = 1; lastKnownFileType = text.xcconfig; name = "Pods-CreditCardList.release.xcconfig"; path = "Target Support Files/Pods-CreditCardList/Pods-CreditCardList.release.xcconfig"; sourceTree = "<group>"; };
/* End PBXFileReference section */

/* Begin PBXFrameworksBuildPhase section */
		9BE68FA627F2971C00912E90 /* Frameworks */ = {
			isa = PBXFrameworksBuildPhase;
			buildActionMask = 2147483647;
			files = (
				D6963F4F2FADDF15C44A8230 /* Pods_CreditCardList.framework in Frameworks */,
			);
			runOnlyForDeploymentPostprocessing = 0;
		};
/* End PBXFrameworksBuildPhase section */

/* Begin PBXGroup section */
		21990A280BA3F60624E4BD52 /* Frameworks */ = {
			isa = PBXGroup;
			children = (
				743F4A15D0492DF2F23C5CCA /* Pods_CreditCardList.framework */,
			);
			name = Frameworks;
			sourceTree = "<group>";
		};
		9BE68FA027F2971B00912E90 = {
			isa = PBXGroup;
			children = (
				9BE68FAB27F2971C00912E90 /* CreditCardList */,
				9BE68FAA27F2971C00912E90 /* Products */,
				EC7A1954BC2758231E69FD88 /* Pods */,
				21990A280BA3F60624E4BD52 /* Frameworks */,
			);
			sourceTree = "<group>";
		};
		9BE68FAA27F2971C00912E90 /* Products */ = {
			isa = PBXGroup;
			children = (
				9BE68FA927F2971C00912E90 /* CreditCardList.app */,
			);
			name = Products;
			sourceTree = "<group>";
		};
		9BE68FAB27F2971C00912E90 /* CreditCardList */ = {
			isa = PBXGroup;
			children = (
				9BE68FAC27F2971C00912E90 /* AppDelegate.swift */,
				9BE68FAE27F2971C00912E90 /* SceneDelegate.swift */,
				9BE68FC027F2973A00912E90 /* CardListViewController.swift */,
				9BE68FC527F2997000912E90 /* CardListCellTableViewCell.xib */,
				9BE68FC427F2997000912E90 /* CardListCellTableViewCell.swift */,
				9BE68FC227F2981300912E90 /* CreditCard.swift */,
				9B169D7627F4326B0052C3C7 /* CreditCardDummy.swift */,
				9B169D7027F2A43A0052C3C7 /* CardDetailViewController.swift */,
				9BE68FB227F2971C00912E90 /* Main.storyboard */,
				9BE68FB527F2971C00912E90 /* Assets.xcassets */,
				9BE68FB727F2971C00912E90 /* LaunchScreen.storyboard */,
				9BE68FBA27F2971C00912E90 /* Info.plist */,
				9B169D7227F2D6150052C3C7 /* money.json */,
				9B169D7427F2E55A0052C3C7 /* GoogleService-Info.plist */,
			);
			path = CreditCardList;
			sourceTree = "<group>";
		};
		EC7A1954BC2758231E69FD88 /* Pods */ = {
			isa = PBXGroup;
			children = (
				AFDE8AFDF054B49EF7852085 /* Pods-CreditCardList.debug.xcconfig */,
				F64926147AB37D2CCD38B4F3 /* Pods-CreditCardList.release.xcconfig */,
			);
			path = Pods;
			sourceTree = "<group>";
		};
/* End PBXGroup section */

/* Begin PBXNativeTarget section */
		9BE68FA827F2971C00912E90 /* CreditCardList */ = {
			isa = PBXNativeTarget;
			buildConfigurationList = 9BE68FBD27F2971C00912E90 /* Build configuration list for PBXNativeTarget "CreditCardList" */;
			buildPhases = (
				DA82233564E342F2C9782F86 /* [CP] Check Pods Manifest.lock */,
				9BE68FA527F2971C00912E90 /* Sources */,
				9BE68FA627F2971C00912E90 /* Frameworks */,
				9BE68FA727F2971C00912E90 /* Resources */,
				4AC29786D64C6D98B7047F44 /* [CP] Embed Pods Frameworks */,
			);
			buildRules = (
			);
			dependencies = (
			);
			name = CreditCardList;
			productName = CreditCardList;
			productReference = 9BE68FA927F2971C00912E90 /* CreditCardList.app */;
			productType = "com.apple.product-type.application";
		};
/* End PBXNativeTarget section */

/* Begin PBXProject section */
		9BE68FA127F2971B00912E90 /* Project object */ = {
			isa = PBXProject;
			attributes = {
				BuildIndependentTargetsInParallel = 1;
				LastSwiftUpdateCheck = 1330;
				LastUpgradeCheck = 1330;
				TargetAttributes = {
					9BE68FA827F2971C00912E90 = {
						CreatedOnToolsVersion = 13.3;
					};
				};
			};
			buildConfigurationList = 9BE68FA427F2971B00912E90 /* Build configuration list for PBXProject "CreditCardList" */;
			compatibilityVersion = "Xcode 13.0";
			developmentRegion = en;
			hasScannedForEncodings = 0;
			knownRegions = (
				en,
				Base,
			);
			mainGroup = 9BE68FA027F2971B00912E90;
			productRefGroup = 9BE68FAA27F2971C00912E90 /* Products */;
			projectDirPath = "";
			projectRoot = "";
			targets = (
				9BE68FA827F2971C00912E90 /* CreditCardList */,
			);
		};
/* End PBXProject section */

/* Begin PBXResourcesBuildPhase section */
		9BE68FA727F2971C00912E90 /* Resources */ = {
			isa = PBXResourcesBuildPhase;
			buildActionMask = 2147483647;
			files = (
				9BE68FB927F2971C00912E90 /* LaunchScreen.storyboard in Resources */,
				9BE68FB627F2971C00912E90 /* Assets.xcassets in Resources */,
				9B169D7327F2D6150052C3C7 /* money.json in Resources */,
				9BE68FB427F2971C00912E90 /* Main.storyboard in Resources */,
				9BE68FC727F2997000912E90 /* CardListCellTableViewCell.xib in Resources */,
				9B169D7527F2E55A0052C3C7 /* GoogleService-Info.plist in Resources */,
			);
			runOnlyForDeploymentPostprocessing = 0;
		};
/* End PBXResourcesBuildPhase section */

/* Begin PBXShellScriptBuildPhase section */
		4AC29786D64C6D98B7047F44 /* [CP] Embed Pods Frameworks */ = {
			isa = PBXShellScriptBuildPhase;
			buildActionMask = 2147483647;
			files = (
			);
			inputFileListPaths = (
				"${PODS_ROOT}/Target Support Files/Pods-CreditCardList/Pods-CreditCardList-frameworks-${CONFIGURATION}-input-files.xcfilelist",
			);
			name = "[CP] Embed Pods Frameworks";
			outputFileListPaths = (
				"${PODS_ROOT}/Target Support Files/Pods-CreditCardList/Pods-CreditCardList-frameworks-${CONFIGURATION}-output-files.xcfilelist",
			);
			runOnlyForDeploymentPostprocessing = 0;
			shellPath = /bin/sh;
			shellScript = "\"${PODS_ROOT}/Target Support Files/Pods-CreditCardList/Pods-CreditCardList-frameworks.sh\"\n";
			showEnvVarsInLog = 0;
		};
		DA82233564E342F2C9782F86 /* [CP] Check Pods Manifest.lock */ = {
			isa = PBXShellScriptBuildPhase;
			buildActionMask = 2147483647;
			files = (
			);
			inputFileListPaths = (
			);
			inputPaths = (
				"${PODS_PODFILE_DIR_PATH}/Podfile.lock",
				"${PODS_ROOT}/Manifest.lock",
			);
			name = "[CP] Check Pods Manifest.lock";
			outputFileListPaths = (
			);
			outputPaths = (
				"$(DERIVED_FILE_DIR)/Pods-CreditCardList-checkManifestLockResult.txt",
			);
			runOnlyForDeploymentPostprocessing = 0;
			shellPath = /bin/sh;
			shellScript = "diff \"${PODS_PODFILE_DIR_PATH}/Podfile.lock\" \"${PODS_ROOT}/Manifest.lock\" > /dev/null\nif [ $? != 0 ] ; then\n    # print error to STDERR\n    echo \"error: The sandbox is not in sync with the Podfile.lock. Run 'pod install' or update your CocoaPods installation.\" >&2\n    exit 1\nfi\n# This output is used by Xcode 'outputs' to avoid re-running this script phase.\necho \"SUCCESS\" > \"${SCRIPT_OUTPUT_FILE_0}\"\n";
			showEnvVarsInLog = 0;
		};
/* End PBXShellScriptBuildPhase section */

/* Begin PBXSourcesBuildPhase section */
		9BE68FA527F2971C00912E90 /* Sources */ = {
			isa = PBXSourcesBuildPhase;
			buildActionMask = 2147483647;
			files = (
				9BE68FC327F2981300912E90 /* CreditCard.swift in Sources */,
				9B169D7127F2A43A0052C3C7 /* CardDetailViewController.swift in Sources */,
				9BE68FC627F2997000912E90 /* CardListCellTableViewCell.swift in Sources */,
				9BE68FC127F2973A00912E90 /* CardListViewController.swift in Sources */,
				9B169D7727F4326B0052C3C7 /* CreditCardDummy.swift in Sources */,
				9BE68FAD27F2971C00912E90 /* AppDelegate.swift in Sources */,
				9BE68FAF27F2971C00912E90 /* SceneDelegate.swift in Sources */,
			);
			runOnlyForDeploymentPostprocessing = 0;
		};
/* End PBXSourcesBuildPhase section */

/* Begin PBXVariantGroup section */
		9BE68FB227F2971C00912E90 /* Main.storyboard */ = {
			isa = PBXVariantGroup;
			children = (
				9BE68FB327F2971C00912E90 /* Base */,
			);
			name = Main.storyboard;
			sourceTree = "<group>";
		};
		9BE68FB727F2971C00912E90 /* LaunchScreen.storyboard */ = {
			isa = PBXVariantGroup;
			children = (
				9BE68FB827F2971C00912E90 /* Base */,
			);
			name = LaunchScreen.storyboard;
			sourceTree = "<group>";
		};
/* End PBXVariantGroup section */

/* Begin XCBuildConfiguration section */
		9BE68FBB27F2971C00912E90 /* Debug */ = {
			isa = XCBuildConfiguration;
			buildSettings = {
				ALWAYS_SEARCH_USER_PATHS = NO;
				CLANG_ANALYZER_NONNULL = YES;
				CLANG_ANALYZER_NUMBER_OBJECT_CONVERSION = YES_AGGRESSIVE;
				CLANG_CXX_LANGUAGE_STANDARD = "gnu++17";
				CLANG_ENABLE_MODULES = YES;
				CLANG_ENABLE_OBJC_ARC = YES;
				CLANG_ENABLE_OBJC_WEAK = YES;
				CLANG_WARN_BLOCK_CAPTURE_AUTORELEASING = YES;
				CLANG_WARN_BOOL_CONVERSION = YES;
				CLANG_WARN_COMMA = YES;
				CLANG_WARN_CONSTANT_CONVERSION = YES;
				CLANG_WARN_DEPRECATED_OBJC_IMPLEMENTATIONS = YES;
				CLANG_WARN_DIRECT_OBJC_ISA_USAGE = YES_ERROR;
				CLANG_WARN_DOCUMENTATION_COMMENTS = YES;
				CLANG_WARN_EMPTY_BODY = YES;
				CLANG_WARN_ENUM_CONVERSION = YES;
				CLANG_WARN_INFINITE_RECURSION = YES;
				CLANG_WARN_INT_CONVERSION = YES;
				CLANG_WARN_NON_LITERAL_NULL_CONVERSION = YES;
				CLANG_WARN_OBJC_IMPLICIT_RETAIN_SELF = YES;
				CLANG_WARN_OBJC_LITERAL_CONVERSION = YES;
				CLANG_WARN_OBJC_ROOT_CLASS = YES_ERROR;
				CLANG_WARN_QUOTED_INCLUDE_IN_FRAMEWORK_HEADER = YES;
				CLANG_WARN_RANGE_LOOP_ANALYSIS = YES;
				CLANG_WARN_STRICT_PROTOTYPES = YES;
				CLANG_WARN_SUSPICIOUS_MOVE = YES;
				CLANG_WARN_UNGUARDED_AVAILABILITY = YES_AGGRESSIVE;
				CLANG_WARN_UNREACHABLE_CODE = YES;
				CLANG_WARN__DUPLICATE_METHOD_MATCH = YES;
				COPY_PHASE_STRIP = NO;
				DEBUG_INFORMATION_FORMAT = dwarf;
				ENABLE_STRICT_OBJC_MSGSEND = YES;
				ENABLE_TESTABILITY = YES;
				GCC_C_LANGUAGE_STANDARD = gnu11;
				GCC_DYNAMIC_NO_PIC = NO;
				GCC_NO_COMMON_BLOCKS = YES;
				GCC_OPTIMIZATION_LEVEL = 0;
				GCC_PREPROCESSOR_DEFINITIONS = (
					"DEBUG=1",
					"$(inherited)",
				);
				GCC_WARN_64_TO_32_BIT_CONVERSION = YES;
				GCC_WARN_ABOUT_RETURN_TYPE = YES_ERROR;
				GCC_WARN_UNDECLARED_SELECTOR = YES;
				GCC_WARN_UNINITIALIZED_AUTOS = YES_AGGRESSIVE;
				GCC_WARN_UNUSED_FUNCTION = YES;
				GCC_WARN_UNUSED_VARIABLE = YES;
				IPHONEOS_DEPLOYMENT_TARGET = 15.4;
				MTL_ENABLE_DEBUG_INFO = INCLUDE_SOURCE;
				MTL_FAST_MATH = YES;
				ONLY_ACTIVE_ARCH = YES;
				SDKROOT = iphoneos;
				SWIFT_ACTIVE_COMPILATION_CONDITIONS = DEBUG;
				SWIFT_OPTIMIZATION_LEVEL = "-Onone";
			};
			name = Debug;
		};
		9BE68FBC27F2971C00912E90 /* Release */ = {
			isa = XCBuildConfiguration;
			buildSettings = {
				ALWAYS_SEARCH_USER_PATHS = NO;
				CLANG_ANALYZER_NONNULL = YES;
				CLANG_ANALYZER_NUMBER_OBJECT_CONVERSION = YES_AGGRESSIVE;
				CLANG_CXX_LANGUAGE_STANDARD = "gnu++17";
				CLANG_ENABLE_MODULES = YES;
				CLANG_ENABLE_OBJC_ARC = YES;
				CLANG_ENABLE_OBJC_WEAK = YES;
				CLANG_WARN_BLOCK_CAPTURE_AUTORELEASING = YES;
				CLANG_WARN_BOOL_CONVERSION = YES;
				CLANG_WARN_COMMA = YES;
				CLANG_WARN_CONSTANT_CONVERSION = YES;
				CLANG_WARN_DEPRECATED_OBJC_IMPLEMENTATIONS = YES;
				CLANG_WARN_DIRECT_OBJC_ISA_USAGE = YES_ERROR;
				CLANG_WARN_DOCUMENTATION_COMMENTS = YES;
				CLANG_WARN_EMPTY_BODY = YES;
				CLANG_WARN_ENUM_CONVERSION = YES;
				CLANG_WARN_INFINITE_RECURSION = YES;
				CLANG_WARN_INT_CONVERSION = YES;
				CLANG_WARN_NON_LITERAL_NULL_CONVERSION = YES;
				CLANG_WARN_OBJC_IMPLICIT_RETAIN_SELF = YES;
				CLANG_WARN_OBJC_LITERAL_CONVERSION = YES;
				CLANG_WARN_OBJC_ROOT_CLASS = YES_ERROR;
				CLANG_WARN_QUOTED_INCLUDE_IN_FRAMEWORK_HEADER = YES;
				CLANG_WARN_RANGE_LOOP_ANALYSIS = YES;
				CLANG_WARN_STRICT_PROTOTYPES = YES;
				CLANG_WARN_SUSPICIOUS_MOVE = YES;
				CLANG_WARN_UNGUARDED_AVAILABILITY = YES_AGGRESSIVE;
				CLANG_WARN_UNREACHABLE_CODE = YES;
				CLANG_WARN__DUPLICATE_METHOD_MATCH = YES;
				COPY_PHASE_STRIP = NO;
				DEBUG_INFORMATION_FORMAT = "dwarf-with-dsym";
				ENABLE_NS_ASSERTIONS = NO;
				ENABLE_STRICT_OBJC_MSGSEND = YES;
				GCC_C_LANGUAGE_STANDARD = gnu11;
				GCC_NO_COMMON_BLOCKS = YES;
				GCC_WARN_64_TO_32_BIT_CONVERSION = YES;
				GCC_WARN_ABOUT_RETURN_TYPE = YES_ERROR;
				GCC_WARN_UNDECLARED_SELECTOR = YES;
				GCC_WARN_UNINITIALIZED_AUTOS = YES_AGGRESSIVE;
				GCC_WARN_UNUSED_FUNCTION = YES;
				GCC_WARN_UNUSED_VARIABLE = YES;
				IPHONEOS_DEPLOYMENT_TARGET = 15.4;
				MTL_ENABLE_DEBUG_INFO = NO;
				MTL_FAST_MATH = YES;
				SDKROOT = iphoneos;
				SWIFT_COMPILATION_MODE = wholemodule;
				SWIFT_OPTIMIZATION_LEVEL = "-O";
				VALIDATE_PRODUCT = YES;
			};
			name = Release;
		};
		9BE68FBE27F2971C00912E90 /* Debug */ = {
			isa = XCBuildConfiguration;
			baseConfigurationReference = AFDE8AFDF054B49EF7852085 /* Pods-CreditCardList.debug.xcconfig */;
			buildSettings = {
				ASSETCATALOG_COMPILER_APPICON_NAME = AppIcon;
				ASSETCATALOG_COMPILER_GLOBAL_ACCENT_COLOR_NAME = AccentColor;
				CODE_SIGN_STYLE = Automatic;
				CURRENT_PROJECT_VERSION = 1;
				GENERATE_INFOPLIST_FILE = YES;
				INFOPLIST_FILE = CreditCardList/Info.plist;
				INFOPLIST_KEY_UIApplicationSupportsIndirectInputEvents = YES;
				INFOPLIST_KEY_UILaunchStoryboardName = LaunchScreen;
				INFOPLIST_KEY_UIMainStoryboardFile = Main;
				INFOPLIST_KEY_UISupportedInterfaceOrientations_iPad = "UIInterfaceOrientationPortrait UIInterfaceOrientationPortraitUpsideDown UIInterfaceOrientationLandscapeLeft UIInterfaceOrientationLandscapeRight";
				INFOPLIST_KEY_UISupportedInterfaceOrientations_iPhone = "UIInterfaceOrientationPortrait UIInterfaceOrientationLandscapeLeft UIInterfaceOrientationLandscapeRight";
				LD_RUNPATH_SEARCH_PATHS = (
					"$(inherited)",
					"@executable_path/Frameworks",
				);
				MARKETING_VERSION = 1.0;
				PRODUCT_BUNDLE_IDENTIFIER = yangjs.CreditCardList;
				PRODUCT_NAME = "$(TARGET_NAME)";
				SWIFT_EMIT_LOC_STRINGS = YES;
				SWIFT_VERSION = 5.0;
				TARGETED_DEVICE_FAMILY = "1,2";
			};
			name = Debug;
		};
		9BE68FBF27F2971C00912E90 /* Release */ = {
			isa = XCBuildConfiguration;
			baseConfigurationReference = F64926147AB37D2CCD38B4F3 /* Pods-CreditCardList.release.xcconfig */;
			buildSettings = {
				ASSETCATALOG_COMPILER_APPICON_NAME = AppIcon;
				ASSETCATALOG_COMPILER_GLOBAL_ACCENT_COLOR_NAME = AccentColor;
				CODE_SIGN_STYLE = Automatic;
				CURRENT_PROJECT_VERSION = 1;
				GENERATE_INFOPLIST_FILE = YES;
				INFOPLIST_FILE = CreditCardList/Info.plist;
				INFOPLIST_KEY_UIApplicationSupportsIndirectInputEvents = YES;
				INFOPLIST_KEY_UILaunchStoryboardName = LaunchScreen;
				INFOPLIST_KEY_UIMainStoryboardFile = Main;
				INFOPLIST_KEY_UISupportedInterfaceOrientations_iPad = "UIInterfaceOrientationPortrait UIInterfaceOrientationPortraitUpsideDown UIInterfaceOrientationLandscapeLeft UIInterfaceOrientationLandscapeRight";
				INFOPLIST_KEY_UISupportedInterfaceOrientations_iPhone = "UIInterfaceOrientationPortrait UIInterfaceOrientationLandscapeLeft UIInterfaceOrientationLandscapeRight";
				LD_RUNPATH_SEARCH_PATHS = (
					"$(inherited)",
					"@executable_path/Frameworks",
				);
				MARKETING_VERSION = 1.0;
				PRODUCT_BUNDLE_IDENTIFIER = yangjs.CreditCardList;
				PRODUCT_NAME = "$(TARGET_NAME)";
				SWIFT_EMIT_LOC_STRINGS = YES;
				SWIFT_VERSION = 5.0;
				TARGETED_DEVICE_FAMILY = "1,2";
			};
			name = Release;
		};
/* End XCBuildConfiguration section */

/* Begin XCConfigurationList section */
		9BE68FA427F2971B00912E90 /* Build configuration list for PBXProject "CreditCardList" */ = {
			isa = XCConfigurationList;
			buildConfigurations = (
				9BE68FBB27F2971C00912E90 /* Debug */,
				9BE68FBC27F2971C00912E90 /* Release */,
			);
			defaultConfigurationIsVisible = 0;
			defaultConfigurationName = Release;
		};
		9BE68FBD27F2971C00912E90 /* Build configuration list for PBXNativeTarget "CreditCardList" */ = {
			isa = XCConfigurationList;
			buildConfigurations = (
				9BE68FBE27F2971C00912E90 /* Debug */,
				9BE68FBF27F2971C00912E90 /* Release */,
			);
			defaultConfigurationIsVisible = 0;
			defaultConfigurationName = Release;
		};
/* End XCConfigurationList section */
	};
	rootObject = 9BE68FA127F2971B00912E90 /* Project object */;
}
