// !$*UTF8*$!
{
	archiveVersion = 1;
	classes = {
	};
	objectVersion = 55;
	objects = {

/* Begin PBXBuildFile section */
		9B341EEB28437373003D2027 /* AssetMenu.swift in Sources */ = {isa = PBXBuildFile; fileRef = 9B341EEA28437373003D2027 /* AssetMenu.swift */; };
		9B341EED28437CE9003D2027 /* AssetMenuButtonStyle.swift in Sources */ = {isa = PBXBuildFile; fileRef = 9B341EEC28437CE9003D2027 /* AssetMenuButtonStyle.swift */; };
		9B341EEF28438BDC003D2027 /* AssetMenuGridView.swift in Sources */ = {isa = PBXBuildFile; fileRef = 9B341EEE28438BDC003D2027 /* AssetMenuGridView.swift */; };
		9B341EF128438D6C003D2027 /* AssetView.swift in Sources */ = {isa = PBXBuildFile; fileRef = 9B341EF028438D6C003D2027 /* AssetView.swift */; };
		9B341EF32843A25C003D2027 /* AssetBanner.swift in Sources */ = {isa = PBXBuildFile; fileRef = 9B341EF22843A25C003D2027 /* AssetBanner.swift */; };
		9B341EF62843A2BF003D2027 /* BannerCard.swift in Sources */ = {isa = PBXBuildFile; fileRef = 9B341EF52843A2BF003D2027 /* BannerCard.swift */; };
		9B341EF82843A3E0003D2027 /* PageViewController.swift in Sources */ = {isa = PBXBuildFile; fileRef = 9B341EF72843A3E0003D2027 /* PageViewController.swift */; };
		9B341EFA2843AE3D003D2027 /* PageControl.swift in Sources */ = {isa = PBXBuildFile; fileRef = 9B341EF92843AE3D003D2027 /* PageControl.swift */; };
		9B341EFC2843B347003D2027 /* AssetBannerView.swift in Sources */ = {isa = PBXBuildFile; fileRef = 9B341EFB2843B347003D2027 /* AssetBannerView.swift */; };
		9B341F152844BFFE003D2027 /* assets.json in Resources */ = {isa = PBXBuildFile; fileRef = 9B341F142844BFFE003D2027 /* assets.json */; };
		9B341F172844C087003D2027 /* Asset.swift in Sources */ = {isa = PBXBuildFile; fileRef = 9B341F162844C087003D2027 /* Asset.swift */; };
		9B341F192844C147003D2027 /* AssetSummaryData.swift in Sources */ = {isa = PBXBuildFile; fileRef = 9B341F182844C147003D2027 /* AssetSummaryData.swift */; };
		9B341F1B2844C335003D2027 /* AssetSectionHeaderview.swift in Sources */ = {isa = PBXBuildFile; fileRef = 9B341F1A2844C335003D2027 /* AssetSectionHeaderview.swift */; };
		9B341F1D2844C410003D2027 /* AssetSectionview.swift in Sources */ = {isa = PBXBuildFile; fileRef = 9B341F1C2844C410003D2027 /* AssetSectionview.swift */; };
		9B341F1F2844C638003D2027 /* AssetSummaryView.swift in Sources */ = {isa = PBXBuildFile; fileRef = 9B341F1E2844C638003D2027 /* AssetSummaryView.swift */; };
		9BF20EA62840C6B60037989A /* MyAssetsApp.swift in Sources */ = {isa = PBXBuildFile; fileRef = 9BF20EA52840C6B60037989A /* MyAssetsApp.swift */; };
		9BF20EA82840C6B60037989A /* ContentView.swift in Sources */ = {isa = PBXBuildFile; fileRef = 9BF20EA72840C6B60037989A /* ContentView.swift */; };
		9BF20EAA2840C6B70037989A /* Assets.xcassets in Resources */ = {isa = PBXBuildFile; fileRef = 9BF20EA92840C6B70037989A /* Assets.xcassets */; };
		9BF20EAD2840C6B70037989A /* Preview Assets.xcassets in Resources */ = {isa = PBXBuildFile; fileRef = 9BF20EAC2840C6B70037989A /* Preview Assets.xcassets */; };
		9BF20EB42840C9390037989A /* NavigatoinVarWithButton.swift in Sources */ = {isa = PBXBuildFile; fileRef = 9BF20EB32840C9390037989A /* NavigatoinVarWithButton.swift */; };
/* End PBXBuildFile section */

/* Begin PBXFileReference section */
		9B341EEA28437373003D2027 /* AssetMenu.swift */ = {isa = PBXFileReference; lastKnownFileType = sourcecode.swift; path = AssetMenu.swift; sourceTree = "<group>"; };
		9B341EEC28437CE9003D2027 /* AssetMenuButtonStyle.swift */ = {isa = PBXFileReference; lastKnownFileType = sourcecode.swift; path = AssetMenuButtonStyle.swift; sourceTree = "<group>"; };
		9B341EEE28438BDC003D2027 /* AssetMenuGridView.swift */ = {isa = PBXFileReference; lastKnownFileType = sourcecode.swift; path = AssetMenuGridView.swift; sourceTree = "<group>"; };
		9B341EF028438D6C003D2027 /* AssetView.swift */ = {isa = PBXFileReference; lastKnownFileType = sourcecode.swift; path = AssetView.swift; sourceTree = "<group>"; };
		9B341EF22843A25C003D2027 /* AssetBanner.swift */ = {isa = PBXFileReference; lastKnownFileType = sourcecode.swift; path = AssetBanner.swift; sourceTree = "<group>"; };
		9B341EF52843A2BF003D2027 /* BannerCard.swift */ = {isa = PBXFileReference; lastKnownFileType = sourcecode.swift; path = BannerCard.swift; sourceTree = "<group>"; };
		9B341EF72843A3E0003D2027 /* PageViewController.swift */ = {isa = PBXFileReference; lastKnownFileType = sourcecode.swift; path = PageViewController.swift; sourceTree = "<group>"; };
		9B341EF92843AE3D003D2027 /* PageControl.swift */ = {isa = PBXFileReference; lastKnownFileType = sourcecode.swift; path = PageControl.swift; sourceTree = "<group>"; };
		9B341EFB2843B347003D2027 /* AssetBannerView.swift */ = {isa = PBXFileReference; lastKnownFileType = sourcecode.swift; path = AssetBannerView.swift; sourceTree = "<group>"; };
		9B341F142844BFFE003D2027 /* assets.json */ = {isa = PBXFileReference; fileEncoding = 4; lastKnownFileType = text.json; path = assets.json; sourceTree = "<group>"; };
		9B341F162844C087003D2027 /* Asset.swift */ = {isa = PBXFileReference; lastKnownFileType = sourcecode.swift; path = Asset.swift; sourceTree = "<group>"; };
		9B341F182844C147003D2027 /* AssetSummaryData.swift */ = {isa = PBXFileReference; lastKnownFileType = sourcecode.swift; path = AssetSummaryData.swift; sourceTree = "<group>"; };
		9B341F1A2844C335003D2027 /* AssetSectionHeaderview.swift */ = {isa = PBXFileReference; lastKnownFileType = sourcecode.swift; path = AssetSectionHeaderview.swift; sourceTree = "<group>"; };
		9B341F1C2844C410003D2027 /* AssetSectionview.swift */ = {isa = PBXFileReference; lastKnownFileType = sourcecode.swift; path = AssetSectionview.swift; sourceTree = "<group>"; };
		9B341F1E2844C638003D2027 /* AssetSummaryView.swift */ = {isa = PBXFileReference; lastKnownFileType = sourcecode.swift; path = AssetSummaryView.swift; sourceTree = "<group>"; };
		9BF20EA22840C6B60037989A /* MyAssets.app */ = {isa = PBXFileReference; explicitFileType = wrapper.application; includeInIndex = 0; path = MyAssets.app; sourceTree = BUILT_PRODUCTS_DIR; };
		9BF20EA52840C6B60037989A /* MyAssetsApp.swift */ = {isa = PBXFileReference; lastKnownFileType = sourcecode.swift; path = MyAssetsApp.swift; sourceTree = "<group>"; };
		9BF20EA72840C6B60037989A /* ContentView.swift */ = {isa = PBXFileReference; lastKnownFileType = sourcecode.swift; path = ContentView.swift; sourceTree = "<group>"; };
		9BF20EA92840C6B70037989A /* Assets.xcassets */ = {isa = PBXFileReference; lastKnownFileType = folder.assetcatalog; path = Assets.xcassets; sourceTree = "<group>"; };
		9BF20EAC2840C6B70037989A /* Preview Assets.xcassets */ = {isa = PBXFileReference; lastKnownFileType = folder.assetcatalog; path = "Preview Assets.xcassets"; sourceTree = "<group>"; };
		9BF20EB32840C9390037989A /* NavigatoinVarWithButton.swift */ = {isa = PBXFileReference; lastKnownFileType = sourcecode.swift; path = NavigatoinVarWithButton.swift; sourceTree = "<group>"; };
/* End PBXFileReference section */

/* Begin PBXFrameworksBuildPhase section */
		9BF20E9F2840C6B60037989A /* Frameworks */ = {
			isa = PBXFrameworksBuildPhase;
			buildActionMask = 2147483647;
			files = (
			);
			runOnlyForDeploymentPostprocessing = 0;
		};
/* End PBXFrameworksBuildPhase section */

/* Begin PBXGroup section */
		9B341EF42843A273003D2027 /* Entities */ = {
			isa = PBXGroup;
			children = (
				9B341EEA28437373003D2027 /* AssetMenu.swift */,
				9B341EF22843A25C003D2027 /* AssetBanner.swift */,
				9B341F162844C087003D2027 /* Asset.swift */,
			);
			path = Entities;
			sourceTree = "<group>";
		};
		9B341F0C2844BC48003D2027 /* Asset */ = {
			isa = PBXGroup;
			children = (
				9BF20EA52840C6B60037989A /* MyAssetsApp.swift */,
				9BF20EA72840C6B60037989A /* ContentView.swift */,
				9B341EF028438D6C003D2027 /* AssetView.swift */,
				9B341F0D2844BE19003D2027 /* SubComponent */,
			);
			path = Asset;
			sourceTree = "<group>";
		};
		9B341F0D2844BE19003D2027 /* SubComponent */ = {
			isa = PBXGroup;
			children = (
				9B341F122844BE97003D2027 /* BannerView */,
				9B341F0F2844BE43003D2027 /* MenuGridView */,
				9B341F0E2844BE30003D2027 /* NavigationBar */,
			);
			path = SubComponent;
			sourceTree = "<group>";
		};
		9B341F0E2844BE30003D2027 /* NavigationBar */ = {
			isa = PBXGroup;
			children = (
				9BF20EB32840C9390037989A /* NavigatoinVarWithButton.swift */,
			);
			path = NavigationBar;
			sourceTree = "<group>";
		};
		9B341F0F2844BE43003D2027 /* MenuGridView */ = {
			isa = PBXGroup;
			children = (
				9B341EEE28438BDC003D2027 /* AssetMenuGridView.swift */,
				9B341F102844BE63003D2027 /* SubComponent */,
			);
			path = MenuGridView;
			sourceTree = "<group>";
		};
		9B341F102844BE63003D2027 /* SubComponent */ = {
			isa = PBXGroup;
			children = (
				9B341EEC28437CE9003D2027 /* AssetMenuButtonStyle.swift */,
			);
			path = SubComponent;
			sourceTree = "<group>";
		};
		9B341F122844BE97003D2027 /* BannerView */ = {
			isa = PBXGroup;
			children = (
				9B341F132844BEB3003D2027 /* SubComponent */,
				9B341EFB2843B347003D2027 /* AssetBannerView.swift */,
			);
			path = BannerView;
			sourceTree = "<group>";
		};
		9B341F132844BEB3003D2027 /* SubComponent */ = {
			isa = PBXGroup;
			children = (
				9B341EF52843A2BF003D2027 /* BannerCard.swift */,
			);
			path = SubComponent;
			sourceTree = "<group>";
		};
		9BF20E992840C6B60037989A = {
			isa = PBXGroup;
			children = (
				9BF20EA42840C6B60037989A /* MyAssets */,
				9BF20EA32840C6B60037989A /* Products */,
			);
			sourceTree = "<group>";
		};
		9BF20EA32840C6B60037989A /* Products */ = {
			isa = PBXGroup;
			children = (
				9BF20EA22840C6B60037989A /* MyAssets.app */,
			);
			name = Products;
			sourceTree = "<group>";
		};
		9BF20EA42840C6B60037989A /* MyAssets */ = {
			isa = PBXGroup;
			children = (
				9BF20EAB2840C6B70037989A /* Preview Content */,
				9B341EF42843A273003D2027 /* Entities */,
				9B341F0C2844BC48003D2027 /* Asset */,
				9BF20EA92840C6B70037989A /* Assets.xcassets */,
				9B341EF72843A3E0003D2027 /* PageViewController.swift */,
				9B341EF92843AE3D003D2027 /* PageControl.swift */,
				9B341F142844BFFE003D2027 /* assets.json */,
				9B341F182844C147003D2027 /* AssetSummaryData.swift */,
				9B341F1A2844C335003D2027 /* AssetSectionHeaderview.swift */,
				9B341F1C2844C410003D2027 /* AssetSectionview.swift */,
				9B341F1E2844C638003D2027 /* AssetSummaryView.swift */,
			);
			path = MyAssets;
			sourceTree = "<group>";
		};
		9BF20EAB2840C6B70037989A /* Preview Content */ = {
			isa = PBXGroup;
			children = (
				9BF20EAC2840C6B70037989A /* Preview Assets.xcassets */,
			);
			path = "Preview Content";
			sourceTree = "<group>";
		};
/* End PBXGroup section */

/* Begin PBXNativeTarget section */
		9BF20EA12840C6B60037989A /* MyAssets */ = {
			isa = PBXNativeTarget;
			buildConfigurationList = 9BF20EB02840C6B70037989A /* Build configuration list for PBXNativeTarget "MyAssets" */;
			buildPhases = (
				9BF20E9E2840C6B60037989A /* Sources */,
				9BF20E9F2840C6B60037989A /* Frameworks */,
				9BF20EA02840C6B60037989A /* Resources */,
			);
			buildRules = (
			);
			dependencies = (
			);
			name = MyAssets;
			productName = MyAssets;
			productReference = 9BF20EA22840C6B60037989A /* MyAssets.app */;
			productType = "com.apple.product-type.application";
		};
/* End PBXNativeTarget section */

/* Begin PBXProject section */
		9BF20E9A2840C6B60037989A /* Project object */ = {
			isa = PBXProject;
			attributes = {
				BuildIndependentTargetsInParallel = 1;
				LastSwiftUpdateCheck = 1330;
				LastUpgradeCheck = 1330;
				TargetAttributes = {
					9BF20EA12840C6B60037989A = {
						CreatedOnToolsVersion = 13.3.1;
					};
				};
			};
			buildConfigurationList = 9BF20E9D2840C6B60037989A /* Build configuration list for PBXProject "MyAssets" */;
			compatibilityVersion = "Xcode 13.0";
			developmentRegion = en;
			hasScannedForEncodings = 0;
			knownRegions = (
				en,
				Base,
			);
			mainGroup = 9BF20E992840C6B60037989A;
			productRefGroup = 9BF20EA32840C6B60037989A /* Products */;
			projectDirPath = "";
			projectRoot = "";
			targets = (
				9BF20EA12840C6B60037989A /* MyAssets */,
			);
		};
/* End PBXProject section */

/* Begin PBXResourcesBuildPhase section */
		9BF20EA02840C6B60037989A /* Resources */ = {
			isa = PBXResourcesBuildPhase;
			buildActionMask = 2147483647;
			files = (
				9B341F152844BFFE003D2027 /* assets.json in Resources */,
				9BF20EAD2840C6B70037989A /* Preview Assets.xcassets in Resources */,
				9BF20EAA2840C6B70037989A /* Assets.xcassets in Resources */,
			);
			runOnlyForDeploymentPostprocessing = 0;
		};
/* End PBXResourcesBuildPhase section */

/* Begin PBXSourcesBuildPhase section */
		9BF20E9E2840C6B60037989A /* Sources */ = {
			isa = PBXSourcesBuildPhase;
			buildActionMask = 2147483647;
			files = (
				9B341EEF28438BDC003D2027 /* AssetMenuGridView.swift in Sources */,
				9B341F1D2844C410003D2027 /* AssetSectionview.swift in Sources */,
				9B341F172844C087003D2027 /* Asset.swift in Sources */,
				9B341EF82843A3E0003D2027 /* PageViewController.swift in Sources */,
				9B341F192844C147003D2027 /* AssetSummaryData.swift in Sources */,
				9BF20EA82840C6B60037989A /* ContentView.swift in Sources */,
				9B341F1F2844C638003D2027 /* AssetSummaryView.swift in Sources */,
				9B341EF32843A25C003D2027 /* AssetBanner.swift in Sources */,
				9B341F1B2844C335003D2027 /* AssetSectionHeaderview.swift in Sources */,
				9B341EF128438D6C003D2027 /* AssetView.swift in Sources */,
				9BF20EB42840C9390037989A /* NavigatoinVarWithButton.swift in Sources */,
				9BF20EA62840C6B60037989A /* MyAssetsApp.swift in Sources */,
				9B341EEB28437373003D2027 /* AssetMenu.swift in Sources */,
				9B341EFA2843AE3D003D2027 /* PageControl.swift in Sources */,
				9B341EFC2843B347003D2027 /* AssetBannerView.swift in Sources */,
				9B341EF62843A2BF003D2027 /* BannerCard.swift in Sources */,
				9B341EED28437CE9003D2027 /* AssetMenuButtonStyle.swift in Sources */,
			);
			runOnlyForDeploymentPostprocessing = 0;
		};
/* End PBXSourcesBuildPhase section */

/* Begin XCBuildConfiguration section */
		9BF20EAE2840C6B70037989A /* Debug */ = {
			isa = XCBuildConfiguration;
			buildSettings = {
				ALWAYS_SEARCH_USER_PATHS = NO;
				CLANG_ANALYZER_NONNULL = YES;
				CLANG_ANALYZER_NUMBER_OBJECT_CONVERSION = YES_AGGRESSIVE;
				CLANG_CXX_LANGUAGE_STANDARD = "gnu++17";
				CLANG_ENABLE_MODULES = YES;
				CLANG_ENABLE_OBJC_ARC = YES;
				CLANG_ENABLE_OBJC_WEAK = YES;
				CLANG_WARN_BLOCK_CAPTURE_AUTORELEASING = YES;
				CLANG_WARN_BOOL_CONVERSION = YES;
				CLANG_WARN_COMMA = YES;
				CLANG_WARN_CONSTANT_CONVERSION = YES;
				CLANG_WARN_DEPRECATED_OBJC_IMPLEMENTATIONS = YES;
				CLANG_WARN_DIRECT_OBJC_ISA_USAGE = YES_ERROR;
				CLANG_WARN_DOCUMENTATION_COMMENTS = YES;
				CLANG_WARN_EMPTY_BODY = YES;
				CLANG_WARN_ENUM_CONVERSION = YES;
				CLANG_WARN_INFINITE_RECURSION = YES;
				CLANG_WARN_INT_CONVERSION = YES;
				CLANG_WARN_NON_LITERAL_NULL_CONVERSION = YES;
				CLANG_WARN_OBJC_IMPLICIT_RETAIN_SELF = YES;
				CLANG_WARN_OBJC_LITERAL_CONVERSION = YES;
				CLANG_WARN_OBJC_ROOT_CLASS = YES_ERROR;
				CLANG_WARN_QUOTED_INCLUDE_IN_FRAMEWORK_HEADER = YES;
				CLANG_WARN_RANGE_LOOP_ANALYSIS = YES;
				CLANG_WARN_STRICT_PROTOTYPES = YES;
				CLANG_WARN_SUSPICIOUS_MOVE = YES;
				CLANG_WARN_UNGUARDED_AVAILABILITY = YES_AGGRESSIVE;
				CLANG_WARN_UNREACHABLE_CODE = YES;
				CLANG_WARN__DUPLICATE_METHOD_MATCH = YES;
				COPY_PHASE_STRIP = NO;
				DEBUG_INFORMATION_FORMAT = dwarf;
				ENABLE_STRICT_OBJC_MSGSEND = YES;
				ENABLE_TESTABILITY = YES;
				GCC_C_LANGUAGE_STANDARD = gnu11;
				GCC_DYNAMIC_NO_PIC = NO;
				GCC_NO_COMMON_BLOCKS = YES;
				GCC_OPTIMIZATION_LEVEL = 0;
				GCC_PREPROCESSOR_DEFINITIONS = (
					"DEBUG=1",
					"$(inherited)",
				);
				GCC_WARN_64_TO_32_BIT_CONVERSION = YES;
				GCC_WARN_ABOUT_RETURN_TYPE = YES_ERROR;
				GCC_WARN_UNDECLARED_SELECTOR = YES;
				GCC_WARN_UNINITIALIZED_AUTOS = YES_AGGRESSIVE;
				GCC_WARN_UNUSED_FUNCTION = YES;
				GCC_WARN_UNUSED_VARIABLE = YES;
				IPHONEOS_DEPLOYMENT_TARGET = 15.4;
				MTL_ENABLE_DEBUG_INFO = INCLUDE_SOURCE;
				MTL_FAST_MATH = YES;
				ONLY_ACTIVE_ARCH = YES;
				SDKROOT = iphoneos;
				SWIFT_ACTIVE_COMPILATION_CONDITIONS = DEBUG;
				SWIFT_OPTIMIZATION_LEVEL = "-Onone";
			};
			name = Debug;
		};
		9BF20EAF2840C6B70037989A /* Release */ = {
			isa = XCBuildConfiguration;
			buildSettings = {
				ALWAYS_SEARCH_USER_PATHS = NO;
				CLANG_ANALYZER_NONNULL = YES;
				CLANG_ANALYZER_NUMBER_OBJECT_CONVERSION = YES_AGGRESSIVE;
				CLANG_CXX_LANGUAGE_STANDARD = "gnu++17";
				CLANG_ENABLE_MODULES = YES;
				CLANG_ENABLE_OBJC_ARC = YES;
				CLANG_ENABLE_OBJC_WEAK = YES;
				CLANG_WARN_BLOCK_CAPTURE_AUTORELEASING = YES;
				CLANG_WARN_BOOL_CONVERSION = YES;
				CLANG_WARN_COMMA = YES;
				CLANG_WARN_CONSTANT_CONVERSION = YES;
				CLANG_WARN_DEPRECATED_OBJC_IMPLEMENTATIONS = YES;
				CLANG_WARN_DIRECT_OBJC_ISA_USAGE = YES_ERROR;
				CLANG_WARN_DOCUMENTATION_COMMENTS = YES;
				CLANG_WARN_EMPTY_BODY = YES;
				CLANG_WARN_ENUM_CONVERSION = YES;
				CLANG_WARN_INFINITE_RECURSION = YES;
				CLANG_WARN_INT_CONVERSION = YES;
				CLANG_WARN_NON_LITERAL_NULL_CONVERSION = YES;
				CLANG_WARN_OBJC_IMPLICIT_RETAIN_SELF = YES;
				CLANG_WARN_OBJC_LITERAL_CONVERSION = YES;
				CLANG_WARN_OBJC_ROOT_CLASS = YES_ERROR;
				CLANG_WARN_QUOTED_INCLUDE_IN_FRAMEWORK_HEADER = YES;
				CLANG_WARN_RANGE_LOOP_ANALYSIS = YES;
				CLANG_WARN_STRICT_PROTOTYPES = YES;
				CLANG_WARN_SUSPICIOUS_MOVE = YES;
				CLANG_WARN_UNGUARDED_AVAILABILITY = YES_AGGRESSIVE;
				CLANG_WARN_UNREACHABLE_CODE = YES;
				CLANG_WARN__DUPLICATE_METHOD_MATCH = YES;
				COPY_PHASE_STRIP = NO;
				DEBUG_INFORMATION_FORMAT = "dwarf-with-dsym";
				ENABLE_NS_ASSERTIONS = NO;
				ENABLE_STRICT_OBJC_MSGSEND = YES;
				GCC_C_LANGUAGE_STANDARD = gnu11;
				GCC_NO_COMMON_BLOCKS = YES;
				GCC_WARN_64_TO_32_BIT_CONVERSION = YES;
				GCC_WARN_ABOUT_RETURN_TYPE = YES_ERROR;
				GCC_WARN_UNDECLARED_SELECTOR = YES;
				GCC_WARN_UNINITIALIZED_AUTOS = YES_AGGRESSIVE;
				GCC_WARN_UNUSED_FUNCTION = YES;
				GCC_WARN_UNUSED_VARIABLE = YES;
				IPHONEOS_DEPLOYMENT_TARGET = 15.4;
				MTL_ENABLE_DEBUG_INFO = NO;
				MTL_FAST_MATH = YES;
				SDKROOT = iphoneos;
				SWIFT_COMPILATION_MODE = wholemodule;
				SWIFT_OPTIMIZATION_LEVEL = "-O";
				VALIDATE_PRODUCT = YES;
			};
			name = Release;
		};
		9BF20EB12840C6B70037989A /* Debug */ = {
			isa = XCBuildConfiguration;
			buildSettings = {
				ASSETCATALOG_COMPILER_APPICON_NAME = AppIcon;
				ASSETCATALOG_COMPILER_GLOBAL_ACCENT_COLOR_NAME = AccentColor;
				CODE_SIGN_STYLE = Automatic;
				CURRENT_PROJECT_VERSION = 1;
				DEVELOPMENT_ASSET_PATHS = "\"MyAssets/Preview Content\"";
				DEVELOPMENT_TEAM = DR2C4G73MR;
				ENABLE_PREVIEWS = YES;
				GENERATE_INFOPLIST_FILE = YES;
				INFOPLIST_KEY_UIApplicationSceneManifest_Generation = YES;
				INFOPLIST_KEY_UIApplicationSupportsIndirectInputEvents = YES;
				INFOPLIST_KEY_UILaunchScreen_Generation = YES;
				INFOPLIST_KEY_UISupportedInterfaceOrientations_iPad = "UIInterfaceOrientationPortrait UIInterfaceOrientationPortraitUpsideDown UIInterfaceOrientationLandscapeLeft UIInterfaceOrientationLandscapeRight";
				INFOPLIST_KEY_UISupportedInterfaceOrientations_iPhone = "UIInterfaceOrientationPortrait UIInterfaceOrientationLandscapeLeft UIInterfaceOrientationLandscapeRight";
				INFOPLIST_KEY_UIUserInterfaceStyle = Light;
				LD_RUNPATH_SEARCH_PATHS = (
					"$(inherited)",
					"@executable_path/Frameworks",
				);
				MARKETING_VERSION = 1.0;
				PRODUCT_BUNDLE_IDENTIFIER = yangjs.MyAssets;
				PRODUCT_NAME = "$(TARGET_NAME)";
				SWIFT_EMIT_LOC_STRINGS = YES;
				SWIFT_VERSION = 5.0;
				TARGETED_DEVICE_FAMILY = "1,2";
			};
			name = Debug;
		};
		9BF20EB22840C6B70037989A /* Release */ = {
			isa = XCBuildConfiguration;
			buildSettings = {
				ASSETCATALOG_COMPILER_APPICON_NAME = AppIcon;
				ASSETCATALOG_COMPILER_GLOBAL_ACCENT_COLOR_NAME = AccentColor;
				CODE_SIGN_STYLE = Automatic;
				CURRENT_PROJECT_VERSION = 1;
				DEVELOPMENT_ASSET_PATHS = "\"MyAssets/Preview Content\"";
				DEVELOPMENT_TEAM = DR2C4G73MR;
				ENABLE_PREVIEWS = YES;
				GENERATE_INFOPLIST_FILE = YES;
				INFOPLIST_KEY_UIApplicationSceneManifest_Generation = YES;
				INFOPLIST_KEY_UIApplicationSupportsIndirectInputEvents = YES;
				INFOPLIST_KEY_UILaunchScreen_Generation = YES;
				INFOPLIST_KEY_UISupportedInterfaceOrientations_iPad = "UIInterfaceOrientationPortrait UIInterfaceOrientationPortraitUpsideDown UIInterfaceOrientationLandscapeLeft UIInterfaceOrientationLandscapeRight";
				INFOPLIST_KEY_UISupportedInterfaceOrientations_iPhone = "UIInterfaceOrientationPortrait UIInterfaceOrientationLandscapeLeft UIInterfaceOrientationLandscapeRight";
				INFOPLIST_KEY_UIUserInterfaceStyle = Light;
				LD_RUNPATH_SEARCH_PATHS = (
					"$(inherited)",
					"@executable_path/Frameworks",
				);
				MARKETING_VERSION = 1.0;
				PRODUCT_BUNDLE_IDENTIFIER = yangjs.MyAssets;
				PRODUCT_NAME = "$(TARGET_NAME)";
				SWIFT_EMIT_LOC_STRINGS = YES;
				SWIFT_VERSION = 5.0;
				TARGETED_DEVICE_FAMILY = "1,2";
			};
			name = Release;
		};
/* End XCBuildConfiguration section */

/* Begin XCConfigurationList section */
		9BF20E9D2840C6B60037989A /* Build configuration list for PBXProject "MyAssets" */ = {
			isa = XCConfigurationList;
			buildConfigurations = (
				9BF20EAE2840C6B70037989A /* Debug */,
				9BF20EAF2840C6B70037989A /* Release */,
			);
			defaultConfigurationIsVisible = 0;
			defaultConfigurationName = Release;
		};
		9BF20EB02840C6B70037989A /* Build configuration list for PBXNativeTarget "MyAssets" */ = {
			isa = XCConfigurationList;
			buildConfigurations = (
				9BF20EB12840C6B70037989A /* Debug */,
				9BF20EB22840C6B70037989A /* Release */,
			);
			defaultConfigurationIsVisible = 0;
			defaultConfigurationName = Release;
		};
/* End XCConfigurationList section */
	};
	rootObject = 9BF20E9A2840C6B60037989A /* Project object */;
}
