// !$*UTF8*$!
{
	archiveVersion = 1;
	classes = {
	};
	objectVersion = 55;
	objects = {

/* Begin PBXBuildFile section */
		9B21C8AD280D59B200602745 /* SnapKit in Frameworks */ = {isa = PBXBuildFile; productRef = 9B21C8AC280D59B200602745 /* SnapKit */; };
		9B21C8AF280D5ED200602745 /* Content.plist in Resources */ = {isa = PBXBuildFile; fileRef = 9B21C8AE280D5ED200602745 /* Content.plist */; };
		9B21C8B1280D5F1200602745 /* Content.swift in Sources */ = {isa = PBXBuildFile; fileRef = 9B21C8B0280D5F1200602745 /* Content.swift */; };
		9B3AB35728113BD000F4E260 /* ContentConllectionViewCell.swift in Sources */ = {isa = PBXBuildFile; fileRef = 9B3AB35628113BD000F4E260 /* ContentConllectionViewCell.swift */; };
		9B3AB35928113E3A00F4E260 /* ContentCollectionViewHeader.swift in Sources */ = {isa = PBXBuildFile; fileRef = 9B3AB35828113E3A00F4E260 /* ContentCollectionViewHeader.swift */; };
		9B47C278280D4EFA005C2A9E /* AppDelegate.swift in Sources */ = {isa = PBXBuildFile; fileRef = 9B47C277280D4EFA005C2A9E /* AppDelegate.swift */; };
		9B47C27A280D4EFA005C2A9E /* SceneDelegate.swift in Sources */ = {isa = PBXBuildFile; fileRef = 9B47C279280D4EFA005C2A9E /* SceneDelegate.swift */; };
		9B47C281280D4EFB005C2A9E /* Assets.xcassets in Resources */ = {isa = PBXBuildFile; fileRef = 9B47C280280D4EFB005C2A9E /* Assets.xcassets */; };
		9B47C284280D4EFB005C2A9E /* LaunchScreen.storyboard in Resources */ = {isa = PBXBuildFile; fileRef = 9B47C282280D4EFB005C2A9E /* LaunchScreen.storyboard */; };
		9B47C28C280D5584005C2A9E /* HomeViewController.swift in Sources */ = {isa = PBXBuildFile; fileRef = 9B47C28B280D5584005C2A9E /* HomeViewController.swift */; };
		9BF20E932840B6FF0037989A /* SnapKit in Frameworks */ = {isa = PBXBuildFile; productRef = 9BF20E922840B6FF0037989A /* SnapKit */; };
		9BF20E952840B7D60037989A /* ContentView.swift in Sources */ = {isa = PBXBuildFile; fileRef = 9BF20E942840B7D60037989A /* ContentView.swift */; };
		9BF20E982840BA230037989A /* ContentDetailView.swift in Sources */ = {isa = PBXBuildFile; fileRef = 9BF20E972840BA230037989A /* ContentDetailView.swift */; };
		9BF76D2828167D6B006A7BC1 /* ContentCollectionViewRankCell.swift in Sources */ = {isa = PBXBuildFile; fileRef = 9BF76D2728167D6B006A7BC1 /* ContentCollectionViewRankCell.swift */; };
		9BF76D2A2816870F006A7BC1 /* ContentCollectionViewMainCell.swift in Sources */ = {isa = PBXBuildFile; fileRef = 9BF76D292816870F006A7BC1 /* ContentCollectionViewMainCell.swift */; };
		9BF76D2C28168FF7006A7BC1 /* UIButton.swift in Sources */ = {isa = PBXBuildFile; fileRef = 9BF76D2B28168FF7006A7BC1 /* UIButton.swift */; };
/* End PBXBuildFile section */

/* Begin PBXFileReference section */
		9B21C8AE280D5ED200602745 /* Content.plist */ = {isa = PBXFileReference; fileEncoding = 4; lastKnownFileType = text.plist.xml; path = Content.plist; sourceTree = "<group>"; };
		9B21C8B0280D5F1200602745 /* Content.swift */ = {isa = PBXFileReference; lastKnownFileType = sourcecode.swift; path = Content.swift; sourceTree = "<group>"; };
		9B3AB35628113BD000F4E260 /* ContentConllectionViewCell.swift */ = {isa = PBXFileReference; lastKnownFileType = sourcecode.swift; path = ContentConllectionViewCell.swift; sourceTree = "<group>"; };
		9B3AB35828113E3A00F4E260 /* ContentCollectionViewHeader.swift */ = {isa = PBXFileReference; lastKnownFileType = sourcecode.swift; path = ContentCollectionViewHeader.swift; sourceTree = "<group>"; };
		9B47C274280D4EFA005C2A9E /* CollectionViewSnapkitEX.app */ = {isa = PBXFileReference; explicitFileType = wrapper.application; includeInIndex = 0; path = CollectionViewSnapkitEX.app; sourceTree = BUILT_PRODUCTS_DIR; };
		9B47C277280D4EFA005C2A9E /* AppDelegate.swift */ = {isa = PBXFileReference; lastKnownFileType = sourcecode.swift; path = AppDelegate.swift; sourceTree = "<group>"; };
		9B47C279280D4EFA005C2A9E /* SceneDelegate.swift */ = {isa = PBXFileReference; lastKnownFileType = sourcecode.swift; path = SceneDelegate.swift; sourceTree = "<group>"; };
		9B47C280280D4EFB005C2A9E /* Assets.xcassets */ = {isa = PBXFileReference; lastKnownFileType = folder.assetcatalog; path = Assets.xcassets; sourceTree = "<group>"; };
		9B47C283280D4EFB005C2A9E /* Base */ = {isa = PBXFileReference; lastKnownFileType = file.storyboard; name = Base; path = Base.lproj/LaunchScreen.storyboard; sourceTree = "<group>"; };
		9B47C285280D4EFB005C2A9E /* Info.plist */ = {isa = PBXFileReference; lastKnownFileType = text.plist.xml; path = Info.plist; sourceTree = "<group>"; };
		9B47C28B280D5584005C2A9E /* HomeViewController.swift */ = {isa = PBXFileReference; lastKnownFileType = sourcecode.swift; path = HomeViewController.swift; sourceTree = "<group>"; };
		9BF20E942840B7D60037989A /* ContentView.swift */ = {isa = PBXFileReference; lastKnownFileType = sourcecode.swift; path = ContentView.swift; sourceTree = "<group>"; };
		9BF20E972840BA230037989A /* ContentDetailView.swift */ = {isa = PBXFileReference; lastKnownFileType = sourcecode.swift; path = ContentDetailView.swift; sourceTree = "<group>"; };
		9BF76D2728167D6B006A7BC1 /* ContentCollectionViewRankCell.swift */ = {isa = PBXFileReference; lastKnownFileType = sourcecode.swift; path = ContentCollectionViewRankCell.swift; sourceTree = "<group>"; };
		9BF76D292816870F006A7BC1 /* ContentCollectionViewMainCell.swift */ = {isa = PBXFileReference; lastKnownFileType = sourcecode.swift; path = ContentCollectionViewMainCell.swift; sourceTree = "<group>"; };
		9BF76D2B28168FF7006A7BC1 /* UIButton.swift */ = {isa = PBXFileReference; lastKnownFileType = sourcecode.swift; path = UIButton.swift; sourceTree = "<group>"; };
/* End PBXFileReference section */

/* Begin PBXFrameworksBuildPhase section */
		9B47C271280D4EFA005C2A9E /* Frameworks */ = {
			isa = PBXFrameworksBuildPhase;
			buildActionMask = 2147483647;
			files = (
				9B21C8AD280D59B200602745 /* SnapKit in Frameworks */,
				9BF20E932840B6FF0037989A /* SnapKit in Frameworks */,
			);
			runOnlyForDeploymentPostprocessing = 0;
		};
/* End PBXFrameworksBuildPhase section */

/* Begin PBXGroup section */
		9B47C26B280D4EFA005C2A9E = {
			isa = PBXGroup;
			children = (
				9B47C276280D4EFA005C2A9E /* CollectionViewSnapkitEX */,
				9B47C275280D4EFA005C2A9E /* Products */,
			);
			sourceTree = "<group>";
		};
		9B47C275280D4EFA005C2A9E /* Products */ = {
			isa = PBXGroup;
			children = (
				9B47C274280D4EFA005C2A9E /* CollectionViewSnapkitEX.app */,
			);
			name = Products;
			sourceTree = "<group>";
		};
		9B47C276280D4EFA005C2A9E /* CollectionViewSnapkitEX */ = {
			isa = PBXGroup;
			children = (
				9BF20E962840B85E0037989A /* NetfilicSampleApp */,
				9B21C8AE280D5ED200602745 /* Content.plist */,
				9B47C277280D4EFA005C2A9E /* AppDelegate.swift */,
				9B47C279280D4EFA005C2A9E /* SceneDelegate.swift */,
				9BF20E942840B7D60037989A /* ContentView.swift */,
				9BF20E972840BA230037989A /* ContentDetailView.swift */,
				9B47C285280D4EFB005C2A9E /* Info.plist */,
			);
			path = CollectionViewSnapkitEX;
			sourceTree = "<group>";
		};
		9BF20E962840B85E0037989A /* NetfilicSampleApp */ = {
			isa = PBXGroup;
			children = (
				9B47C28B280D5584005C2A9E /* HomeViewController.swift */,
				9B47C280280D4EFB005C2A9E /* Assets.xcassets */,
				9B47C282280D4EFB005C2A9E /* LaunchScreen.storyboard */,
				9B3AB35828113E3A00F4E260 /* ContentCollectionViewHeader.swift */,
				9B3AB35628113BD000F4E260 /* ContentConllectionViewCell.swift */,
				9BF76D2728167D6B006A7BC1 /* ContentCollectionViewRankCell.swift */,
				9BF76D292816870F006A7BC1 /* ContentCollectionViewMainCell.swift */,
				9B21C8B0280D5F1200602745 /* Content.swift */,
				9BF76D2B28168FF7006A7BC1 /* UIButton.swift */,
			);
			path = NetfilicSampleApp;
			sourceTree = "<group>";
		};
/* End PBXGroup section */

/* Begin PBXNativeTarget section */
		9B47C273280D4EFA005C2A9E /* CollectionViewSnapkitEX */ = {
			isa = PBXNativeTarget;
			buildConfigurationList = 9B47C288280D4EFB005C2A9E /* Build configuration list for PBXNativeTarget "CollectionViewSnapkitEX" */;
			buildPhases = (
				9B47C270280D4EFA005C2A9E /* Sources */,
				9B47C271280D4EFA005C2A9E /* Frameworks */,
				9B47C272280D4EFA005C2A9E /* Resources */,
			);
			buildRules = (
			);
			dependencies = (
			);
			name = CollectionViewSnapkitEX;
			packageProductDependencies = (
				9B21C8AC280D59B200602745 /* SnapKit */,
				9BF20E922840B6FF0037989A /* SnapKit */,
			);
			productName = CollectionViewSnapkitEX;
			productReference = 9B47C274280D4EFA005C2A9E /* CollectionViewSnapkitEX.app */;
			productType = "com.apple.product-type.application";
		};
/* End PBXNativeTarget section */

/* Begin PBXProject section */
		9B47C26C280D4EFA005C2A9E /* Project object */ = {
			isa = PBXProject;
			attributes = {
				BuildIndependentTargetsInParallel = 1;
				LastSwiftUpdateCheck = 1330;
				LastUpgradeCheck = 1330;
				TargetAttributes = {
					9B47C273280D4EFA005C2A9E = {
						CreatedOnToolsVersion = 13.3.1;
					};
				};
			};
			buildConfigurationList = 9B47C26F280D4EFA005C2A9E /* Build configuration list for PBXProject "CollectionViewSnapkitEX" */;
			compatibilityVersion = "Xcode 13.0";
			developmentRegion = en;
			hasScannedForEncodings = 0;
			knownRegions = (
				en,
				Base,
			);
			mainGroup = 9B47C26B280D4EFA005C2A9E;
			packageReferences = (
				9B21C8AB280D59B200602745 /* XCRemoteSwiftPackageReference "SnapKit" */,
				9BF20E912840B6FF0037989A /* XCRemoteSwiftPackageReference "SnapKit" */,
			);
			productRefGroup = 9B47C275280D4EFA005C2A9E /* Products */;
			projectDirPath = "";
			projectRoot = "";
			targets = (
				9B47C273280D4EFA005C2A9E /* CollectionViewSnapkitEX */,
			);
		};
/* End PBXProject section */

/* Begin PBXResourcesBuildPhase section */
		9B47C272280D4EFA005C2A9E /* Resources */ = {
			isa = PBXResourcesBuildPhase;
			buildActionMask = 2147483647;
			files = (
				9B47C284280D4EFB005C2A9E /* LaunchScreen.storyboard in Resources */,
				9B47C281280D4EFB005C2A9E /* Assets.xcassets in Resources */,
				9B21C8AF280D5ED200602745 /* Content.plist in Resources */,
			);
			runOnlyForDeploymentPostprocessing = 0;
		};
/* End PBXResourcesBuildPhase section */

/* Begin PBXSourcesBuildPhase section */
		9B47C270280D4EFA005C2A9E /* Sources */ = {
			isa = PBXSourcesBuildPhase;
			buildActionMask = 2147483647;
			files = (
				9B47C278280D4EFA005C2A9E /* AppDelegate.swift in Sources */,
				9BF20E982840BA230037989A /* ContentDetailView.swift in Sources */,
				9B3AB35928113E3A00F4E260 /* ContentCollectionViewHeader.swift in Sources */,
				9B3AB35728113BD000F4E260 /* ContentConllectionViewCell.swift in Sources */,
				9BF76D2828167D6B006A7BC1 /* ContentCollectionViewRankCell.swift in Sources */,
				9B47C27A280D4EFA005C2A9E /* SceneDelegate.swift in Sources */,
				9BF76D2A2816870F006A7BC1 /* ContentCollectionViewMainCell.swift in Sources */,
				9BF20E952840B7D60037989A /* ContentView.swift in Sources */,
				9B47C28C280D5584005C2A9E /* HomeViewController.swift in Sources */,
				9B21C8B1280D5F1200602745 /* Content.swift in Sources */,
				9BF76D2C28168FF7006A7BC1 /* UIButton.swift in Sources */,
			);
			runOnlyForDeploymentPostprocessing = 0;
		};
/* End PBXSourcesBuildPhase section */

/* Begin PBXVariantGroup section */
		9B47C282280D4EFB005C2A9E /* LaunchScreen.storyboard */ = {
			isa = PBXVariantGroup;
			children = (
				9B47C283280D4EFB005C2A9E /* Base */,
			);
			name = LaunchScreen.storyboard;
			sourceTree = "<group>";
		};
/* End PBXVariantGroup section */

/* Begin XCBuildConfiguration section */
		9B47C286280D4EFB005C2A9E /* Debug */ = {
			isa = XCBuildConfiguration;
			buildSettings = {
				ALWAYS_SEARCH_USER_PATHS = NO;
				CLANG_ANALYZER_NONNULL = YES;
				CLANG_ANALYZER_NUMBER_OBJECT_CONVERSION = YES_AGGRESSIVE;
				CLANG_CXX_LANGUAGE_STANDARD = "gnu++17";
				CLANG_ENABLE_MODULES = YES;
				CLANG_ENABLE_OBJC_ARC = YES;
				CLANG_ENABLE_OBJC_WEAK = YES;
				CLANG_WARN_BLOCK_CAPTURE_AUTORELEASING = YES;
				CLANG_WARN_BOOL_CONVERSION = YES;
				CLANG_WARN_COMMA = YES;
				CLANG_WARN_CONSTANT_CONVERSION = YES;
				CLANG_WARN_DEPRECATED_OBJC_IMPLEMENTATIONS = YES;
				CLANG_WARN_DIRECT_OBJC_ISA_USAGE = YES_ERROR;
				CLANG_WARN_DOCUMENTATION_COMMENTS = YES;
				CLANG_WARN_EMPTY_BODY = YES;
				CLANG_WARN_ENUM_CONVERSION = YES;
				CLANG_WARN_INFINITE_RECURSION = YES;
				CLANG_WARN_INT_CONVERSION = YES;
				CLANG_WARN_NON_LITERAL_NULL_CONVERSION = YES;
				CLANG_WARN_OBJC_IMPLICIT_RETAIN_SELF = YES;
				CLANG_WARN_OBJC_LITERAL_CONVERSION = YES;
				CLANG_WARN_OBJC_ROOT_CLASS = YES_ERROR;
				CLANG_WARN_QUOTED_INCLUDE_IN_FRAMEWORK_HEADER = YES;
				CLANG_WARN_RANGE_LOOP_ANALYSIS = YES;
				CLANG_WARN_STRICT_PROTOTYPES = YES;
				CLANG_WARN_SUSPICIOUS_MOVE = YES;
				CLANG_WARN_UNGUARDED_AVAILABILITY = YES_AGGRESSIVE;
				CLANG_WARN_UNREACHABLE_CODE = YES;
				CLANG_WARN__DUPLICATE_METHOD_MATCH = YES;
				COPY_PHASE_STRIP = NO;
				DEBUG_INFORMATION_FORMAT = dwarf;
				ENABLE_STRICT_OBJC_MSGSEND = YES;
				ENABLE_TESTABILITY = YES;
				GCC_C_LANGUAGE_STANDARD = gnu11;
				GCC_DYNAMIC_NO_PIC = NO;
				GCC_NO_COMMON_BLOCKS = YES;
				GCC_OPTIMIZATION_LEVEL = 0;
				GCC_PREPROCESSOR_DEFINITIONS = (
					"DEBUG=1",
					"$(inherited)",
				);
				GCC_WARN_64_TO_32_BIT_CONVERSION = YES;
				GCC_WARN_ABOUT_RETURN_TYPE = YES_ERROR;
				GCC_WARN_UNDECLARED_SELECTOR = YES;
				GCC_WARN_UNINITIALIZED_AUTOS = YES_AGGRESSIVE;
				GCC_WARN_UNUSED_FUNCTION = YES;
				GCC_WARN_UNUSED_VARIABLE = YES;
				IPHONEOS_DEPLOYMENT_TARGET = 15.4;
				MTL_ENABLE_DEBUG_INFO = INCLUDE_SOURCE;
				MTL_FAST_MATH = YES;
				ONLY_ACTIVE_ARCH = YES;
				SDKROOT = iphoneos;
				SWIFT_ACTIVE_COMPILATION_CONDITIONS = DEBUG;
				SWIFT_OPTIMIZATION_LEVEL = "-Onone";
			};
			name = Debug;
		};
		9B47C287280D4EFB005C2A9E /* Release */ = {
			isa = XCBuildConfiguration;
			buildSettings = {
				ALWAYS_SEARCH_USER_PATHS = NO;
				CLANG_ANALYZER_NONNULL = YES;
				CLANG_ANALYZER_NUMBER_OBJECT_CONVERSION = YES_AGGRESSIVE;
				CLANG_CXX_LANGUAGE_STANDARD = "gnu++17";
				CLANG_ENABLE_MODULES = YES;
				CLANG_ENABLE_OBJC_ARC = YES;
				CLANG_ENABLE_OBJC_WEAK = YES;
				CLANG_WARN_BLOCK_CAPTURE_AUTORELEASING = YES;
				CLANG_WARN_BOOL_CONVERSION = YES;
				CLANG_WARN_COMMA = YES;
				CLANG_WARN_CONSTANT_CONVERSION = YES;
				CLANG_WARN_DEPRECATED_OBJC_IMPLEMENTATIONS = YES;
				CLANG_WARN_DIRECT_OBJC_ISA_USAGE = YES_ERROR;
				CLANG_WARN_DOCUMENTATION_COMMENTS = YES;
				CLANG_WARN_EMPTY_BODY = YES;
				CLANG_WARN_ENUM_CONVERSION = YES;
				CLANG_WARN_INFINITE_RECURSION = YES;
				CLANG_WARN_INT_CONVERSION = YES;
				CLANG_WARN_NON_LITERAL_NULL_CONVERSION = YES;
				CLANG_WARN_OBJC_IMPLICIT_RETAIN_SELF = YES;
				CLANG_WARN_OBJC_LITERAL_CONVERSION = YES;
				CLANG_WARN_OBJC_ROOT_CLASS = YES_ERROR;
				CLANG_WARN_QUOTED_INCLUDE_IN_FRAMEWORK_HEADER = YES;
				CLANG_WARN_RANGE_LOOP_ANALYSIS = YES;
				CLANG_WARN_STRICT_PROTOTYPES = YES;
				CLANG_WARN_SUSPICIOUS_MOVE = YES;
				CLANG_WARN_UNGUARDED_AVAILABILITY = YES_AGGRESSIVE;
				CLANG_WARN_UNREACHABLE_CODE = YES;
				CLANG_WARN__DUPLICATE_METHOD_MATCH = YES;
				COPY_PHASE_STRIP = NO;
				DEBUG_INFORMATION_FORMAT = "dwarf-with-dsym";
				ENABLE_NS_ASSERTIONS = NO;
				ENABLE_STRICT_OBJC_MSGSEND = YES;
				GCC_C_LANGUAGE_STANDARD = gnu11;
				GCC_NO_COMMON_BLOCKS = YES;
				GCC_WARN_64_TO_32_BIT_CONVERSION = YES;
				GCC_WARN_ABOUT_RETURN_TYPE = YES_ERROR;
				GCC_WARN_UNDECLARED_SELECTOR = YES;
				GCC_WARN_UNINITIALIZED_AUTOS = YES_AGGRESSIVE;
				GCC_WARN_UNUSED_FUNCTION = YES;
				GCC_WARN_UNUSED_VARIABLE = YES;
				IPHONEOS_DEPLOYMENT_TARGET = 15.4;
				MTL_ENABLE_DEBUG_INFO = NO;
				MTL_FAST_MATH = YES;
				SDKROOT = iphoneos;
				SWIFT_COMPILATION_MODE = wholemodule;
				SWIFT_OPTIMIZATION_LEVEL = "-O";
				VALIDATE_PRODUCT = YES;
			};
			name = Release;
		};
		9B47C289280D4EFB005C2A9E /* Debug */ = {
			isa = XCBuildConfiguration;
			buildSettings = {
				ASSETCATALOG_COMPILER_APPICON_NAME = AppIcon;
				ASSETCATALOG_COMPILER_GLOBAL_ACCENT_COLOR_NAME = AccentColor;
				CODE_SIGN_STYLE = Automatic;
				CURRENT_PROJECT_VERSION = 1;
				GENERATE_INFOPLIST_FILE = YES;
				INFOPLIST_FILE = CollectionViewSnapkitEX/Info.plist;
				INFOPLIST_KEY_UIApplicationSupportsIndirectInputEvents = YES;
				INFOPLIST_KEY_UILaunchStoryboardName = LaunchScreen;
				INFOPLIST_KEY_UIMainStoryboardFile = "";
				INFOPLIST_KEY_UISupportedInterfaceOrientations_iPad = "UIInterfaceOrientationPortrait UIInterfaceOrientationPortraitUpsideDown UIInterfaceOrientationLandscapeLeft UIInterfaceOrientationLandscapeRight";
				INFOPLIST_KEY_UISupportedInterfaceOrientations_iPhone = "UIInterfaceOrientationPortrait UIInterfaceOrientationLandscapeLeft UIInterfaceOrientationLandscapeRight";
				LD_RUNPATH_SEARCH_PATHS = (
					"$(inherited)",
					"@executable_path/Frameworks",
				);
				MARKETING_VERSION = 1.0;
				PRODUCT_BUNDLE_IDENTIFIER = yangjs.CollectionViewSnapkitEX;
				PRODUCT_NAME = "$(TARGET_NAME)";
				SWIFT_EMIT_LOC_STRINGS = YES;
				SWIFT_VERSION = 5.0;
				TARGETED_DEVICE_FAMILY = "1,2";
			};
			name = Debug;
		};
		9B47C28A280D4EFB005C2A9E /* Release */ = {
			isa = XCBuildConfiguration;
			buildSettings = {
				ASSETCATALOG_COMPILER_APPICON_NAME = AppIcon;
				ASSETCATALOG_COMPILER_GLOBAL_ACCENT_COLOR_NAME = AccentColor;
				CODE_SIGN_STYLE = Automatic;
				CURRENT_PROJECT_VERSION = 1;
				GENERATE_INFOPLIST_FILE = YES;
				INFOPLIST_FILE = CollectionViewSnapkitEX/Info.plist;
				INFOPLIST_KEY_UIApplicationSupportsIndirectInputEvents = YES;
				INFOPLIST_KEY_UILaunchStoryboardName = LaunchScreen;
				INFOPLIST_KEY_UIMainStoryboardFile = "";
				INFOPLIST_KEY_UISupportedInterfaceOrientations_iPad = "UIInterfaceOrientationPortrait UIInterfaceOrientationPortraitUpsideDown UIInterfaceOrientationLandscapeLeft UIInterfaceOrientationLandscapeRight";
				INFOPLIST_KEY_UISupportedInterfaceOrientations_iPhone = "UIInterfaceOrientationPortrait UIInterfaceOrientationLandscapeLeft UIInterfaceOrientationLandscapeRight";
				LD_RUNPATH_SEARCH_PATHS = (
					"$(inherited)",
					"@executable_path/Frameworks",
				);
				MARKETING_VERSION = 1.0;
				PRODUCT_BUNDLE_IDENTIFIER = yangjs.CollectionViewSnapkitEX;
				PRODUCT_NAME = "$(TARGET_NAME)";
				SWIFT_EMIT_LOC_STRINGS = YES;
				SWIFT_VERSION = 5.0;
				TARGETED_DEVICE_FAMILY = "1,2";
			};
			name = Release;
		};
/* End XCBuildConfiguration section */

/* Begin XCConfigurationList section */
		9B47C26F280D4EFA005C2A9E /* Build configuration list for PBXProject "CollectionViewSnapkitEX" */ = {
			isa = XCConfigurationList;
			buildConfigurations = (
				9B47C286280D4EFB005C2A9E /* Debug */,
				9B47C287280D4EFB005C2A9E /* Release */,
			);
			defaultConfigurationIsVisible = 0;
			defaultConfigurationName = Release;
		};
		9B47C288280D4EFB005C2A9E /* Build configuration list for PBXNativeTarget "CollectionViewSnapkitEX" */ = {
			isa = XCConfigurationList;
			buildConfigurations = (
				9B47C289280D4EFB005C2A9E /* Debug */,
				9B47C28A280D4EFB005C2A9E /* Release */,
			);
			defaultConfigurationIsVisible = 0;
			defaultConfigurationName = Release;
		};
/* End XCConfigurationList section */

/* Begin XCRemoteSwiftPackageReference section */
		9B21C8AB280D59B200602745 /* XCRemoteSwiftPackageReference "SnapKit" */ = {
			isa = XCRemoteSwiftPackageReference;
			repositoryURL = "https://github.com/SnapKit/SnapKit.git";
			requirement = {
				kind = upToNextMajorVersion;
				minimumVersion = 5.0.0;
			};
		};
		9BF20E912840B6FF0037989A /* XCRemoteSwiftPackageReference "SnapKit" */ = {
			isa = XCRemoteSwiftPackageReference;
			repositoryURL = "https://github.com/SnapKit/SnapKit.git";
			requirement = {
				branch = develop;
				kind = branch;
			};
		};
/* End XCRemoteSwiftPackageReference section */

/* Begin XCSwiftPackageProductDependency section */
		9B21C8AC280D59B200602745 /* SnapKit */ = {
			isa = XCSwiftPackageProductDependency;
			package = 9B21C8AB280D59B200602745 /* XCRemoteSwiftPackageReference "SnapKit" */;
			productName = SnapKit;
		};
		9BF20E922840B6FF0037989A /* SnapKit */ = {
			isa = XCSwiftPackageProductDependency;
			package = 9BF20E912840B6FF0037989A /* XCRemoteSwiftPackageReference "SnapKit" */;
			productName = SnapKit;
		};
/* End XCSwiftPackageProductDependency section */
	};
	rootObject = 9B47C26C280D4EFA005C2A9E /* Project object */;
}
