// !$*UTF8*$!
{
	archiveVersion = 1;
	classes = {
	};
	objectVersion = 55;
	objects = {

/* Begin PBXBuildFile section */
		9B73E4D6286ED78D006B1E95 /* AppDelegate.swift in Sources */ = {isa = PBXBuildFile; fileRef = 9B73E4D5286ED78D006B1E95 /* AppDelegate.swift */; };
		9B73E4D8286ED78D006B1E95 /* SceneDelegate.swift in Sources */ = {isa = PBXBuildFile; fileRef = 9B73E4D7286ED78D006B1E95 /* SceneDelegate.swift */; };
		9B73E4DA286ED78D006B1E95 /* MainViewController.swift in Sources */ = {isa = PBXBuildFile; fileRef = 9B73E4D9286ED78D006B1E95 /* MainViewController.swift */; };
		9B73E4DF286ED78D006B1E95 /* Assets.xcassets in Resources */ = {isa = PBXBuildFile; fileRef = 9B73E4DE286ED78D006B1E95 /* Assets.xcassets */; };
		9B73E4E2286ED78D006B1E95 /* LaunchScreen.storyboard in Resources */ = {isa = PBXBuildFile; fileRef = 9B73E4E0286ED78D006B1E95 /* LaunchScreen.storyboard */; };
		9B73E4EB286ED7E7006B1E95 /* RxCocoa in Frameworks */ = {isa = PBXBuildFile; productRef = 9B73E4EA286ED7E7006B1E95 /* RxCocoa */; };
		9B73E4ED286ED7E7006B1E95 /* RxRelay in Frameworks */ = {isa = PBXBuildFile; productRef = 9B73E4EC286ED7E7006B1E95 /* RxRelay */; };
		9B73E4EF286ED7E7006B1E95 /* RxSwift in Frameworks */ = {isa = PBXBuildFile; productRef = 9B73E4EE286ED7E7006B1E95 /* RxSwift */; };
		9B73E4F2286ED800006B1E95 /* Kingfisher in Frameworks */ = {isa = PBXBuildFile; productRef = 9B73E4F1286ED800006B1E95 /* Kingfisher */; };
		9B73E4F5286ED80F006B1E95 /* SnapKit in Frameworks */ = {isa = PBXBuildFile; productRef = 9B73E4F4286ED80F006B1E95 /* SnapKit */; };
		9B73E4F8286ED99F006B1E95 /* SearchBar.swift in Sources */ = {isa = PBXBuildFile; fileRef = 9B73E4F7286ED99F006B1E95 /* SearchBar.swift */; };
/* End PBXBuildFile section */

/* Begin PBXFileReference section */
		9B73E4D2286ED78D006B1E95 /* RxSwift_Sample_01.app */ = {isa = PBXFileReference; explicitFileType = wrapper.application; includeInIndex = 0; path = RxSwift_Sample_01.app; sourceTree = BUILT_PRODUCTS_DIR; };
		9B73E4D5286ED78D006B1E95 /* AppDelegate.swift */ = {isa = PBXFileReference; lastKnownFileType = sourcecode.swift; path = AppDelegate.swift; sourceTree = "<group>"; };
		9B73E4D7286ED78D006B1E95 /* SceneDelegate.swift */ = {isa = PBXFileReference; lastKnownFileType = sourcecode.swift; path = SceneDelegate.swift; sourceTree = "<group>"; };
		9B73E4D9286ED78D006B1E95 /* MainViewController.swift */ = {isa = PBXFileReference; lastKnownFileType = sourcecode.swift; path = MainViewController.swift; sourceTree = "<group>"; };
		9B73E4DE286ED78D006B1E95 /* Assets.xcassets */ = {isa = PBXFileReference; lastKnownFileType = folder.assetcatalog; path = Assets.xcassets; sourceTree = "<group>"; };
		9B73E4E1286ED78D006B1E95 /* Base */ = {isa = PBXFileReference; lastKnownFileType = file.storyboard; name = Base; path = Base.lproj/LaunchScreen.storyboard; sourceTree = "<group>"; };
		9B73E4E3286ED78D006B1E95 /* Info.plist */ = {isa = PBXFileReference; lastKnownFileType = text.plist.xml; path = Info.plist; sourceTree = "<group>"; };
		9B73E4F7286ED99F006B1E95 /* SearchBar.swift */ = {isa = PBXFileReference; lastKnownFileType = sourcecode.swift; path = SearchBar.swift; sourceTree = "<group>"; };
/* End PBXFileReference section */

/* Begin PBXFrameworksBuildPhase section */
		9B73E4CF286ED78D006B1E95 /* Frameworks */ = {
			isa = PBXFrameworksBuildPhase;
			buildActionMask = 2147483647;
			files = (
				9B73E4F2286ED800006B1E95 /* Kingfisher in Frameworks */,
				9B73E4EF286ED7E7006B1E95 /* RxSwift in Frameworks */,
				9B73E4ED286ED7E7006B1E95 /* RxRelay in Frameworks */,
				9B73E4EB286ED7E7006B1E95 /* RxCocoa in Frameworks */,
				9B73E4F5286ED80F006B1E95 /* SnapKit in Frameworks */,
			);
			runOnlyForDeploymentPostprocessing = 0;
		};
/* End PBXFrameworksBuildPhase section */

/* Begin PBXGroup section */
		9B73E4C9286ED78D006B1E95 = {
			isa = PBXGroup;
			children = (
				9B73E4D4286ED78D006B1E95 /* RxSwift_Sample_01 */,
				9B73E4D3286ED78D006B1E95 /* Products */,
			);
			sourceTree = "<group>";
		};
		9B73E4D3286ED78D006B1E95 /* Products */ = {
			isa = PBXGroup;
			children = (
				9B73E4D2286ED78D006B1E95 /* RxSwift_Sample_01.app */,
			);
			name = Products;
			sourceTree = "<group>";
		};
		9B73E4D4286ED78D006B1E95 /* RxSwift_Sample_01 */ = {
			isa = PBXGroup;
			children = (
				9B73E4D5286ED78D006B1E95 /* AppDelegate.swift */,
				9B73E4D7286ED78D006B1E95 /* SceneDelegate.swift */,
				9B73E4F6286ED8F0006B1E95 /* Scene */,
				9B73E4DE286ED78D006B1E95 /* Assets.xcassets */,
				9B73E4E0286ED78D006B1E95 /* LaunchScreen.storyboard */,
				9B73E4E3286ED78D006B1E95 /* Info.plist */,
			);
			path = RxSwift_Sample_01;
			sourceTree = "<group>";
		};
		9B73E4F6286ED8F0006B1E95 /* Scene */ = {
			isa = PBXGroup;
			children = (
				9B73E4D9286ED78D006B1E95 /* MainViewController.swift */,
				9B73E4F7286ED99F006B1E95 /* SearchBar.swift */,
			);
			path = Scene;
			sourceTree = "<group>";
		};
/* End PBXGroup section */

/* Begin PBXNativeTarget section */
		9B73E4D1286ED78D006B1E95 /* RxSwift_Sample_01 */ = {
			isa = PBXNativeTarget;
			buildConfigurationList = 9B73E4E6286ED78D006B1E95 /* Build configuration list for PBXNativeTarget "RxSwift_Sample_01" */;
			buildPhases = (
				9B73E4CE286ED78D006B1E95 /* Sources */,
				9B73E4CF286ED78D006B1E95 /* Frameworks */,
				9B73E4D0286ED78D006B1E95 /* Resources */,
			);
			buildRules = (
			);
			dependencies = (
			);
			name = RxSwift_Sample_01;
			packageProductDependencies = (
				9B73E4EA286ED7E7006B1E95 /* RxCocoa */,
				9B73E4EC286ED7E7006B1E95 /* RxRelay */,
				9B73E4EE286ED7E7006B1E95 /* RxSwift */,
				9B73E4F1286ED800006B1E95 /* Kingfisher */,
				9B73E4F4286ED80F006B1E95 /* SnapKit */,
			);
			productName = RxSwift_Sample_01;
			productReference = 9B73E4D2286ED78D006B1E95 /* RxSwift_Sample_01.app */;
			productType = "com.apple.product-type.application";
		};
/* End PBXNativeTarget section */

/* Begin PBXProject section */
		9B73E4CA286ED78D006B1E95 /* Project object */ = {
			isa = PBXProject;
			attributes = {
				BuildIndependentTargetsInParallel = 1;
				LastSwiftUpdateCheck = 1340;
				LastUpgradeCheck = 1340;
				TargetAttributes = {
					9B73E4D1286ED78D006B1E95 = {
						CreatedOnToolsVersion = 13.4.1;
					};
				};
			};
			buildConfigurationList = 9B73E4CD286ED78D006B1E95 /* Build configuration list for PBXProject "RxSwift_Sample_01" */;
			compatibilityVersion = "Xcode 13.0";
			developmentRegion = en;
			hasScannedForEncodings = 0;
			knownRegions = (
				en,
				Base,
			);
			mainGroup = 9B73E4C9286ED78D006B1E95;
			packageReferences = (
				9B73E4E9286ED7E7006B1E95 /* XCRemoteSwiftPackageReference "RxSwift" */,
				9B73E4F0286ED800006B1E95 /* XCRemoteSwiftPackageReference "Kingfisher" */,
				9B73E4F3286ED80F006B1E95 /* XCRemoteSwiftPackageReference "SnapKit" */,
			);
			productRefGroup = 9B73E4D3286ED78D006B1E95 /* Products */;
			projectDirPath = "";
			projectRoot = "";
			targets = (
				9B73E4D1286ED78D006B1E95 /* RxSwift_Sample_01 */,
			);
		};
/* End PBXProject section */

/* Begin PBXResourcesBuildPhase section */
		9B73E4D0286ED78D006B1E95 /* Resources */ = {
			isa = PBXResourcesBuildPhase;
			buildActionMask = 2147483647;
			files = (
				9B73E4E2286ED78D006B1E95 /* LaunchScreen.storyboard in Resources */,
				9B73E4DF286ED78D006B1E95 /* Assets.xcassets in Resources */,
			);
			runOnlyForDeploymentPostprocessing = 0;
		};
/* End PBXResourcesBuildPhase section */

/* Begin PBXSourcesBuildPhase section */
		9B73E4CE286ED78D006B1E95 /* Sources */ = {
			isa = PBXSourcesBuildPhase;
			buildActionMask = 2147483647;
			files = (
				9B73E4DA286ED78D006B1E95 /* MainViewController.swift in Sources */,
				9B73E4F8286ED99F006B1E95 /* SearchBar.swift in Sources */,
				9B73E4D6286ED78D006B1E95 /* AppDelegate.swift in Sources */,
				9B73E4D8286ED78D006B1E95 /* SceneDelegate.swift in Sources */,
			);
			runOnlyForDeploymentPostprocessing = 0;
		};
/* End PBXSourcesBuildPhase section */

/* Begin PBXVariantGroup section */
		9B73E4E0286ED78D006B1E95 /* LaunchScreen.storyboard */ = {
			isa = PBXVariantGroup;
			children = (
				9B73E4E1286ED78D006B1E95 /* Base */,
			);
			name = LaunchScreen.storyboard;
			sourceTree = "<group>";
		};
/* End PBXVariantGroup section */

/* Begin XCBuildConfiguration section */
		9B73E4E4286ED78D006B1E95 /* Debug */ = {
			isa = XCBuildConfiguration;
			buildSettings = {
				ALWAYS_SEARCH_USER_PATHS = NO;
				CLANG_ANALYZER_NONNULL = YES;
				CLANG_ANALYZER_NUMBER_OBJECT_CONVERSION = YES_AGGRESSIVE;
				CLANG_CXX_LANGUAGE_STANDARD = "gnu++17";
				CLANG_ENABLE_MODULES = YES;
				CLANG_ENABLE_OBJC_ARC = YES;
				CLANG_ENABLE_OBJC_WEAK = YES;
				CLANG_WARN_BLOCK_CAPTURE_AUTORELEASING = YES;
				CLANG_WARN_BOOL_CONVERSION = YES;
				CLANG_WARN_COMMA = YES;
				CLANG_WARN_CONSTANT_CONVERSION = YES;
				CLANG_WARN_DEPRECATED_OBJC_IMPLEMENTATIONS = YES;
				CLANG_WARN_DIRECT_OBJC_ISA_USAGE = YES_ERROR;
				CLANG_WARN_DOCUMENTATION_COMMENTS = YES;
				CLANG_WARN_EMPTY_BODY = YES;
				CLANG_WARN_ENUM_CONVERSION = YES;
				CLANG_WARN_INFINITE_RECURSION = YES;
				CLANG_WARN_INT_CONVERSION = YES;
				CLANG_WARN_NON_LITERAL_NULL_CONVERSION = YES;
				CLANG_WARN_OBJC_IMPLICIT_RETAIN_SELF = YES;
				CLANG_WARN_OBJC_LITERAL_CONVERSION = YES;
				CLANG_WARN_OBJC_ROOT_CLASS = YES_ERROR;
				CLANG_WARN_QUOTED_INCLUDE_IN_FRAMEWORK_HEADER = YES;
				CLANG_WARN_RANGE_LOOP_ANALYSIS = YES;
				CLANG_WARN_STRICT_PROTOTYPES = YES;
				CLANG_WARN_SUSPICIOUS_MOVE = YES;
				CLANG_WARN_UNGUARDED_AVAILABILITY = YES_AGGRESSIVE;
				CLANG_WARN_UNREACHABLE_CODE = YES;
				CLANG_WARN__DUPLICATE_METHOD_MATCH = YES;
				COPY_PHASE_STRIP = NO;
				DEBUG_INFORMATION_FORMAT = dwarf;
				ENABLE_STRICT_OBJC_MSGSEND = YES;
				ENABLE_TESTABILITY = YES;
				GCC_C_LANGUAGE_STANDARD = gnu11;
				GCC_DYNAMIC_NO_PIC = NO;
				GCC_NO_COMMON_BLOCKS = YES;
				GCC_OPTIMIZATION_LEVEL = 0;
				GCC_PREPROCESSOR_DEFINITIONS = (
					"DEBUG=1",
					"$(inherited)",
				);
				GCC_WARN_64_TO_32_BIT_CONVERSION = YES;
				GCC_WARN_ABOUT_RETURN_TYPE = YES_ERROR;
				GCC_WARN_UNDECLARED_SELECTOR = YES;
				GCC_WARN_UNINITIALIZED_AUTOS = YES_AGGRESSIVE;
				GCC_WARN_UNUSED_FUNCTION = YES;
				GCC_WARN_UNUSED_VARIABLE = YES;
				IPHONEOS_DEPLOYMENT_TARGET = 15.5;
				MTL_ENABLE_DEBUG_INFO = INCLUDE_SOURCE;
				MTL_FAST_MATH = YES;
				ONLY_ACTIVE_ARCH = YES;
				SDKROOT = iphoneos;
				SWIFT_ACTIVE_COMPILATION_CONDITIONS = DEBUG;
				SWIFT_OPTIMIZATION_LEVEL = "-Onone";
			};
			name = Debug;
		};
		9B73E4E5286ED78D006B1E95 /* Release */ = {
			isa = XCBuildConfiguration;
			buildSettings = {
				ALWAYS_SEARCH_USER_PATHS = NO;
				CLANG_ANALYZER_NONNULL = YES;
				CLANG_ANALYZER_NUMBER_OBJECT_CONVERSION = YES_AGGRESSIVE;
				CLANG_CXX_LANGUAGE_STANDARD = "gnu++17";
				CLANG_ENABLE_MODULES = YES;
				CLANG_ENABLE_OBJC_ARC = YES;
				CLANG_ENABLE_OBJC_WEAK = YES;
				CLANG_WARN_BLOCK_CAPTURE_AUTORELEASING = YES;
				CLANG_WARN_BOOL_CONVERSION = YES;
				CLANG_WARN_COMMA = YES;
				CLANG_WARN_CONSTANT_CONVERSION = YES;
				CLANG_WARN_DEPRECATED_OBJC_IMPLEMENTATIONS = YES;
				CLANG_WARN_DIRECT_OBJC_ISA_USAGE = YES_ERROR;
				CLANG_WARN_DOCUMENTATION_COMMENTS = YES;
				CLANG_WARN_EMPTY_BODY = YES;
				CLANG_WARN_ENUM_CONVERSION = YES;
				CLANG_WARN_INFINITE_RECURSION = YES;
				CLANG_WARN_INT_CONVERSION = YES;
				CLANG_WARN_NON_LITERAL_NULL_CONVERSION = YES;
				CLANG_WARN_OBJC_IMPLICIT_RETAIN_SELF = YES;
				CLANG_WARN_OBJC_LITERAL_CONVERSION = YES;
				CLANG_WARN_OBJC_ROOT_CLASS = YES_ERROR;
				CLANG_WARN_QUOTED_INCLUDE_IN_FRAMEWORK_HEADER = YES;
				CLANG_WARN_RANGE_LOOP_ANALYSIS = YES;
				CLANG_WARN_STRICT_PROTOTYPES = YES;
				CLANG_WARN_SUSPICIOUS_MOVE = YES;
				CLANG_WARN_UNGUARDED_AVAILABILITY = YES_AGGRESSIVE;
				CLANG_WARN_UNREACHABLE_CODE = YES;
				CLANG_WARN__DUPLICATE_METHOD_MATCH = YES;
				COPY_PHASE_STRIP = NO;
				DEBUG_INFORMATION_FORMAT = "dwarf-with-dsym";
				ENABLE_NS_ASSERTIONS = NO;
				ENABLE_STRICT_OBJC_MSGSEND = YES;
				GCC_C_LANGUAGE_STANDARD = gnu11;
				GCC_NO_COMMON_BLOCKS = YES;
				GCC_WARN_64_TO_32_BIT_CONVERSION = YES;
				GCC_WARN_ABOUT_RETURN_TYPE = YES_ERROR;
				GCC_WARN_UNDECLARED_SELECTOR = YES;
				GCC_WARN_UNINITIALIZED_AUTOS = YES_AGGRESSIVE;
				GCC_WARN_UNUSED_FUNCTION = YES;
				GCC_WARN_UNUSED_VARIABLE = YES;
				IPHONEOS_DEPLOYMENT_TARGET = 15.5;
				MTL_ENABLE_DEBUG_INFO = NO;
				MTL_FAST_MATH = YES;
				SDKROOT = iphoneos;
				SWIFT_COMPILATION_MODE = wholemodule;
				SWIFT_OPTIMIZATION_LEVEL = "-O";
				VALIDATE_PRODUCT = YES;
			};
			name = Release;
		};
		9B73E4E7286ED78D006B1E95 /* Debug */ = {
			isa = XCBuildConfiguration;
			buildSettings = {
				ASSETCATALOG_COMPILER_APPICON_NAME = AppIcon;
				ASSETCATALOG_COMPILER_GLOBAL_ACCENT_COLOR_NAME = AccentColor;
				CODE_SIGN_STYLE = Automatic;
				CURRENT_PROJECT_VERSION = 1;
				DEVELOPMENT_TEAM = 3W78LHQDR6;
				GENERATE_INFOPLIST_FILE = YES;
				INFOPLIST_FILE = RxSwift_Sample_01/Info.plist;
				INFOPLIST_KEY_UIApplicationSupportsIndirectInputEvents = YES;
				INFOPLIST_KEY_UILaunchStoryboardName = LaunchScreen;
				INFOPLIST_KEY_UIMainStoryboardFile = "";
				INFOPLIST_KEY_UISupportedInterfaceOrientations_iPad = "UIInterfaceOrientationPortrait UIInterfaceOrientationPortraitUpsideDown UIInterfaceOrientationLandscapeLeft UIInterfaceOrientationLandscapeRight";
				INFOPLIST_KEY_UISupportedInterfaceOrientations_iPhone = "UIInterfaceOrientationPortrait UIInterfaceOrientationLandscapeLeft UIInterfaceOrientationLandscapeRight";
				LD_RUNPATH_SEARCH_PATHS = (
					"$(inherited)",
					"@executable_path/Frameworks",
				);
				MARKETING_VERSION = 1.0;
				PRODUCT_BUNDLE_IDENTIFIER = "yangjs.RxSwift-Sample-01";
				PRODUCT_NAME = "$(TARGET_NAME)";
				SWIFT_EMIT_LOC_STRINGS = YES;
				SWIFT_VERSION = 5.0;
				TARGETED_DEVICE_FAMILY = "1,2";
			};
			name = Debug;
		};
		9B73E4E8286ED78D006B1E95 /* Release */ = {
			isa = XCBuildConfiguration;
			buildSettings = {
				ASSETCATALOG_COMPILER_APPICON_NAME = AppIcon;
				ASSETCATALOG_COMPILER_GLOBAL_ACCENT_COLOR_NAME = AccentColor;
				CODE_SIGN_STYLE = Automatic;
				CURRENT_PROJECT_VERSION = 1;
				DEVELOPMENT_TEAM = 3W78LHQDR6;
				GENERATE_INFOPLIST_FILE = YES;
				INFOPLIST_FILE = RxSwift_Sample_01/Info.plist;
				INFOPLIST_KEY_UIApplicationSupportsIndirectInputEvents = YES;
				INFOPLIST_KEY_UILaunchStoryboardName = LaunchScreen;
				INFOPLIST_KEY_UIMainStoryboardFile = "";
				INFOPLIST_KEY_UISupportedInterfaceOrientations_iPad = "UIInterfaceOrientationPortrait UIInterfaceOrientationPortraitUpsideDown UIInterfaceOrientationLandscapeLeft UIInterfaceOrientationLandscapeRight";
				INFOPLIST_KEY_UISupportedInterfaceOrientations_iPhone = "UIInterfaceOrientationPortrait UIInterfaceOrientationLandscapeLeft UIInterfaceOrientationLandscapeRight";
				LD_RUNPATH_SEARCH_PATHS = (
					"$(inherited)",
					"@executable_path/Frameworks",
				);
				MARKETING_VERSION = 1.0;
				PRODUCT_BUNDLE_IDENTIFIER = "yangjs.RxSwift-Sample-01";
				PRODUCT_NAME = "$(TARGET_NAME)";
				SWIFT_EMIT_LOC_STRINGS = YES;
				SWIFT_VERSION = 5.0;
				TARGETED_DEVICE_FAMILY = "1,2";
			};
			name = Release;
		};
/* End XCBuildConfiguration section */

/* Begin XCConfigurationList section */
		9B73E4CD286ED78D006B1E95 /* Build configuration list for PBXProject "RxSwift_Sample_01" */ = {
			isa = XCConfigurationList;
			buildConfigurations = (
				9B73E4E4286ED78D006B1E95 /* Debug */,
				9B73E4E5286ED78D006B1E95 /* Release */,
			);
			defaultConfigurationIsVisible = 0;
			defaultConfigurationName = Release;
		};
		9B73E4E6286ED78D006B1E95 /* Build configuration list for PBXNativeTarget "RxSwift_Sample_01" */ = {
			isa = XCConfigurationList;
			buildConfigurations = (
				9B73E4E7286ED78D006B1E95 /* Debug */,
				9B73E4E8286ED78D006B1E95 /* Release */,
			);
			defaultConfigurationIsVisible = 0;
			defaultConfigurationName = Release;
		};
/* End XCConfigurationList section */

/* Begin XCRemoteSwiftPackageReference section */
		9B73E4E9286ED7E7006B1E95 /* XCRemoteSwiftPackageReference "RxSwift" */ = {
			isa = XCRemoteSwiftPackageReference;
			repositoryURL = "https://github.com/ReactiveX/RxSwift.git";
			requirement = {
				kind = upToNextMajorVersion;
				minimumVersion = 6.0.0;
			};
		};
		9B73E4F0286ED800006B1E95 /* XCRemoteSwiftPackageReference "Kingfisher" */ = {
			isa = XCRemoteSwiftPackageReference;
			repositoryURL = "https://github.com/onevcat/Kingfisher.git";
			requirement = {
				branch = master;
				kind = branch;
			};
		};
		9B73E4F3286ED80F006B1E95 /* XCRemoteSwiftPackageReference "SnapKit" */ = {
			isa = XCRemoteSwiftPackageReference;
			repositoryURL = "https://github.com/SnapKit/SnapKit.git";
			requirement = {
				branch = develop;
				kind = branch;
			};
		};
/* End XCRemoteSwiftPackageReference section */

/* Begin XCSwiftPackageProductDependency section */
		9B73E4EA286ED7E7006B1E95 /* RxCocoa */ = {
			isa = XCSwiftPackageProductDependency;
			package = 9B73E4E9286ED7E7006B1E95 /* XCRemoteSwiftPackageReference "RxSwift" */;
			productName = RxCocoa;
		};
		9B73E4EC286ED7E7006B1E95 /* RxRelay */ = {
			isa = XCSwiftPackageProductDependency;
			package = 9B73E4E9286ED7E7006B1E95 /* XCRemoteSwiftPackageReference "RxSwift" */;
			productName = RxRelay;
		};
		9B73E4EE286ED7E7006B1E95 /* RxSwift */ = {
			isa = XCSwiftPackageProductDependency;
			package = 9B73E4E9286ED7E7006B1E95 /* XCRemoteSwiftPackageReference "RxSwift" */;
			productName = RxSwift;
		};
		9B73E4F1286ED800006B1E95 /* Kingfisher */ = {
			isa = XCSwiftPackageProductDependency;
			package = 9B73E4F0286ED800006B1E95 /* XCRemoteSwiftPackageReference "Kingfisher" */;
			productName = Kingfisher;
		};
		9B73E4F4286ED80F006B1E95 /* SnapKit */ = {
			isa = XCSwiftPackageProductDependency;
			package = 9B73E4F3286ED80F006B1E95 /* XCRemoteSwiftPackageReference "SnapKit" */;
			productName = SnapKit;
		};
/* End XCSwiftPackageProductDependency section */
	};
	rootObject = 9B73E4CA286ED78D006B1E95 /* Project object */;
}
